// !$*UTF8*$!
{
	archiveVersion = 1;
	classes = {
	};
	objectVersion = 56;
	objects = {

/* Begin PBXBuildFile section */
		200B9B222DD9332C00A7D7C5 /* AccountType.swift in Sources */ = {isa = PBXBuildFile; fileRef = 200B9B212DD9332C00A7D7C5 /* AccountType.swift */; };
		200B9B262DD933B300A7D7C5 /* ThemeManager.swift in Sources */ = {isa = PBXBuildFile; fileRef = 200B9B252DD933B300A7D7C5 /* ThemeManager.swift */; };
		200E91F62DD9CB1E00A326DE /* AppState.swift in Sources */ = {isa = PBXBuildFile; fileRef = 200E91F52DD9CB1E00A326DE /* AppState.swift */; };
		201848FB2DD66E7E00F6BB66 /* CoreServices in Frameworks */ = {isa = PBXBuildFile; productRef = 201848FA2DD66E7E00F6BB66 /* CoreServices */; };
		201BE46C2DD4702D002D3370 /* fr.json in Resources */ = {isa = PBXBuildFile; fileRef = 201BE44B2DD4702C002D3370 /* fr.json */; };
		201BE46D2DD4702D002D3370 /* zh.json in Resources */ = {isa = PBXBuildFile; fileRef = 201BE44D2DD4702C002D3370 /* zh.json */; };
		201BE46E2DD4702D002D3370 /* ko.json in Resources */ = {isa = PBXBuildFile; fileRef = 201BE44F2DD4702C002D3370 /* ko.json */; };
		201BE46F2DD4702D002D3370 /* pt.json in Resources */ = {isa = PBXBuildFile; fileRef = 201BE4512DD4702C002D3370 /* pt.json */; };
		201BE4702DD4702D002D3370 /* es.json in Resources */ = {isa = PBXBuildFile; fileRef = 201BE4532DD4702D002D3370 /* es.json */; };
		201BE4712DD4702D002D3370 /* tr.json in Resources */ = {isa = PBXBuildFile; fileRef = 201BE4552DD4702D002D3370 /* tr.json */; };
		201BE4722DD4702D002D3370 /* ar.json in Resources */ = {isa = PBXBuildFile; fileRef = 201BE4572DD4702D002D3370 /* ar.json */; };
		201BE4732DD4702D002D3370 /* it.json in Resources */ = {isa = PBXBuildFile; fileRef = 201BE4592DD4702D002D3370 /* it.json */; };
		201BE4742DD4702D002D3370 /* pl.json in Resources */ = {isa = PBXBuildFile; fileRef = 201BE45B2DD4702D002D3370 /* pl.json */; };
		201BE4752DD4702D002D3370 /* de.json in Resources */ = {isa = PBXBuildFile; fileRef = 201BE45D2DD4702D002D3370 /* de.json */; };
		201BE4762DD4702D002D3370 /* ja.json in Resources */ = {isa = PBXBuildFile; fileRef = 201BE45F2DD4702D002D3370 /* ja.json */; };
		201BE4772DD4702D002D3370 /* nl.json in Resources */ = {isa = PBXBuildFile; fileRef = 201BE4612DD4702D002D3370 /* nl.json */; };
		201BE4782DD4702D002D3370 /* en.json in Resources */ = {isa = PBXBuildFile; fileRef = 201BE4632DD4702D002D3370 /* en.json */; };
		201BE4792DD4702D002D3370 /* ru.json in Resources */ = {isa = PBXBuildFile; fileRef = 201BE4652DD4702D002D3370 /* ru.json */; };
		201BE47A2DD4702D002D3370 /* sv.json in Resources */ = {isa = PBXBuildFile; fileRef = 201BE4672DD4702D002D3370 /* sv.json */; };
		201BE47B2DD4702D002D3370 /* vi.json in Resources */ = {isa = PBXBuildFile; fileRef = 201BE4692DD4702D002D3370 /* vi.json */; };
		201BE47C2DD4702D002D3370 /* hi.json in Resources */ = {isa = PBXBuildFile; fileRef = 201BE46B2DD4702D002D3370 /* hi.json */; };
		204600A92DD4808700F2CE8E /* LocalizationHandler in Frameworks */ = {isa = PBXBuildFile; productRef = 204600A82DD4808700F2CE8E /* LocalizationHandler */; };
		20549E052DD43819009ED830 /* ChoreKeeperApp.swift in Sources */ = {isa = PBXBuildFile; fileRef = 20549E042DD43819009ED830 /* ChoreKeeperApp.swift */; };
		20549E072DD43819009ED830 /* ContentView.swift in Sources */ = {isa = PBXBuildFile; fileRef = 20549E062DD43819009ED830 /* ContentView.swift */; };
		20549E092DD4381B009ED830 /* Assets.xcassets in Resources */ = {isa = PBXBuildFile; fileRef = 20549E082DD4381B009ED830 /* Assets.xcassets */; };
		20549E0C2DD4381B009ED830 /* Preview Assets.xcassets in Resources */ = {isa = PBXBuildFile; fileRef = 20549E0B2DD4381B009ED830 /* Preview Assets.xcassets */; };
		20549E0E2DD4381B009ED830 /* Persistence.swift in Sources */ = {isa = PBXBuildFile; fileRef = 20549E0D2DD4381B009ED830 /* Persistence.swift */; };
		20549E112DD4381B009ED830 /* ChoreKeeper.xcdatamodeld in Sources */ = {isa = PBXBuildFile; fileRef = 20549E0F2DD4381B009ED830 /* ChoreKeeper.xcdatamodeld */; };
		20549E1B2DD4381B009ED830 /* ChoreKeeperTests.swift in Sources */ = {isa = PBXBuildFile; fileRef = 20549E1A2DD4381B009ED830 /* ChoreKeeperTests.swift */; };
		20549E252DD4381B009ED830 /* ChoreKeeperUITests.swift in Sources */ = {isa = PBXBuildFile; fileRef = 20549E242DD4381B009ED830 /* ChoreKeeperUITests.swift */; };
		20549E272DD4381B009ED830 /* ChoreKeeperUITestsLaunchTests.swift in Sources */ = {isa = PBXBuildFile; fileRef = 20549E262DD4381B009ED830 /* ChoreKeeperUITestsLaunchTests.swift */; };
		20768DC92DD58C970077FC4F /* LoginSelector.swift in Sources */ = {isa = PBXBuildFile; fileRef = 20768DC82DD58C970077FC4F /* LoginSelector.swift */; };
		20768DCB2DD58CBF0077FC4F /* ParentLogin.swift in Sources */ = {isa = PBXBuildFile; fileRef = 20768DCA2DD58CBF0077FC4F /* ParentLogin.swift */; };
		20768DCD2DD58CD20077FC4F /* ChildLogin.swift in Sources */ = {isa = PBXBuildFile; fileRef = 20768DCC2DD58CD20077FC4F /* ChildLogin.swift */; };
		20768DCF2DD58CF00077FC4F /* ParentDashboard.swift in Sources */ = {isa = PBXBuildFile; fileRef = 20768DCE2DD58CF00077FC4F /* ParentDashboard.swift */; };
		20768DD12DD58CFF0077FC4F /* ChildDashboard.swift in Sources */ = {isa = PBXBuildFile; fileRef = 20768DD02DD58CFF0077FC4F /* ChildDashboard.swift */; };
		20768DD42DD5A58D0077FC4F /* LanguageSelector.swift in Sources */ = {isa = PBXBuildFile; fileRef = 20768DD32DD5A58D0077FC4F /* LanguageSelector.swift */; };
		20768DD62DD5A5A20077FC4F /* SettingsView.swift in Sources */ = {isa = PBXBuildFile; fileRef = 20768DD52DD5A5A20077FC4F /* SettingsView.swift */; };
		20768DD82DD5A5B10077FC4F /* SettingsRow.swift in Sources */ = {isa = PBXBuildFile; fileRef = 20768DD72DD5A5B10077FC4F /* SettingsRow.swift */; };
		209E18612DD9DDEE0077E8F9 /* AppTransitions.swift in Sources */ = {isa = PBXBuildFile; fileRef = 209E18602DD9DDEE0077E8F9 /* AppTransitions.swift */; };
		209E18632DD9DE020077E8F9 /* AppDestination.swift in Sources */ = {isa = PBXBuildFile; fileRef = 209E18622DD9DE020077E8F9 /* AppDestination.swift */; };
		209E18652DD9DE270077E8F9 /* AppHeaderView.swift in Sources */ = {isa = PBXBuildFile; fileRef = 209E18642DD9DE270077E8F9 /* AppHeaderView.swift */; };
		20A008FA2DD8262600308F33 /* IconPickerView.swift in Sources */ = {isa = PBXBuildFile; fileRef = 20A008F92DD8262600308F33 /* IconPickerView.swift */; };
		20A008FD2DD8269C00308F33 /* TestUsers.swift in Sources */ = {isa = PBXBuildFile; fileRef = 20A008FC2DD8269C00308F33 /* TestUsers.swift */; };
		20A64D062DD515E200D941DF /* Darklight_Logo.svg in Resources */ = {isa = PBXBuildFile; fileRef = 20A64D052DD515E200D941DF /* Darklight_Logo.svg */; };
		20A64D0C2DD5160100D941DF /* teacher_avatar_eyes_close_mouth_close.PNG in Resources */ = {isa = PBXBuildFile; fileRef = 20A64D082DD5160100D941DF /* teacher_avatar_eyes_close_mouth_close.PNG */; };
		20A64D0D2DD5160100D941DF /* teacher_avatar_eyes_open_mouth_close.PNG in Resources */ = {isa = PBXBuildFile; fileRef = 20A64D092DD5160100D941DF /* teacher_avatar_eyes_open_mouth_close.PNG */; };
		20A64D0E2DD5160100D941DF /* teacher_avatar_eyes_close_mouth_open.PNG in Resources */ = {isa = PBXBuildFile; fileRef = 20A64D0A2DD5160100D941DF /* teacher_avatar_eyes_close_mouth_open.PNG */; };
		20A64D0F2DD5160100D941DF /* teacher_avatar_eyes_open_mouth_open.PNG in Resources */ = {isa = PBXBuildFile; fileRef = 20A64D0B2DD5160100D941DF /* teacher_avatar_eyes_open_mouth_open.PNG */; };
		20A64D112DD517D200D941DF /* SplashScreen.swift in Sources */ = {isa = PBXBuildFile; fileRef = 20A64D102DD517D200D941DF /* SplashScreen.swift */; };
		20B033962DD6842600151F41 /* DataModels in Frameworks */ = {isa = PBXBuildFile; productRef = 20B033952DD6842600151F41 /* DataModels */; };
		20C40CA92DD54E9000570B1F /* ErrorHandler in Frameworks */ = {isa = PBXBuildFile; productRef = 20C40CA82DD54E9000570B1F /* ErrorHandler */; };
		20C4DBB52DD7E3D600CEDE0D /* ChoreHandler in Frameworks */ = {isa = PBXBuildFile; productRef = 20C4DBB42DD7E3D600CEDE0D /* ChoreHandler */; };
		20C4DBB72DD7E40700CEDE0D /* ChoreView.swift in Sources */ = {isa = PBXBuildFile; fileRef = 20C4DBB62DD7E40700CEDE0D /* ChoreView.swift */; };
		20C4DBB92DD7E5B900CEDE0D /* ChoreCalendar.swift in Sources */ = {isa = PBXBuildFile; fileRef = 20C4DBB82DD7E5B900CEDE0D /* ChoreCalendar.swift */; };
		20C4DBBB2DD7E5C800CEDE0D /* ChoreCalendarItem.swift in Sources */ = {isa = PBXBuildFile; fileRef = 20C4DBBA2DD7E5C800CEDE0D /* ChoreCalendarItem.swift */; };
		20C4DBBD2DD7E5D900CEDE0D /* ChoreList.swift in Sources */ = {isa = PBXBuildFile; fileRef = 20C4DBBC2DD7E5D900CEDE0D /* ChoreList.swift */; };
		20C4DBBF2DD7E5E300CEDE0D /* ChoreListItem.swift in Sources */ = {isa = PBXBuildFile; fileRef = 20C4DBBE2DD7E5E300CEDE0D /* ChoreListItem.swift */; };
/* End PBXBuildFile section */

/* Begin PBXContainerItemProxy section */
		20549E172DD4381B009ED830 /* PBXContainerItemProxy */ = {
			isa = PBXContainerItemProxy;
			containerPortal = 20549DF92DD43819009ED830 /* Project object */;
			proxyType = 1;
			remoteGlobalIDString = 20549E002DD43819009ED830;
			remoteInfo = ChoreKeeper;
		};
		20549E212DD4381B009ED830 /* PBXContainerItemProxy */ = {
			isa = PBXContainerItemProxy;
			containerPortal = 20549DF92DD43819009ED830 /* Project object */;
			proxyType = 1;
			remoteGlobalIDString = 20549E002DD43819009ED830;
			remoteInfo = ChoreKeeper;
		};
/* End PBXContainerItemProxy section */

/* Begin PBXFileReference section */
		200B9B212DD9332C00A7D7C5 /* AccountType.swift */ = {isa = PBXFileReference; fileEncoding = 4; lastKnownFileType = sourcecode.swift; path = AccountType.swift; sourceTree = "<group>"; };
		200B9B252DD933B300A7D7C5 /* ThemeManager.swift */ = {isa = PBXFileReference; fileEncoding = 4; lastKnownFileType = sourcecode.swift; path = ThemeManager.swift; sourceTree = "<group>"; };
		200E91F52DD9CB1E00A326DE /* AppState.swift */ = {isa = PBXFileReference; lastKnownFileType = sourcecode.swift; path = AppState.swift; sourceTree = "<group>"; };
		201848F92DD66E5700F6BB66 /* CoreServices */ = {isa = PBXFileReference; lastKnownFileType = wrapper; name = CoreServices; path = SwiftModules/CoreServices; sourceTree = "<group>"; };
		201BE44B2DD4702C002D3370 /* fr.json */ = {isa = PBXFileReference; fileEncoding = 4; lastKnownFileType = text.json; path = fr.json; sourceTree = "<group>"; };
		201BE44D2DD4702C002D3370 /* zh.json */ = {isa = PBXFileReference; fileEncoding = 4; lastKnownFileType = text.json; path = zh.json; sourceTree = "<group>"; };
		201BE44F2DD4702C002D3370 /* ko.json */ = {isa = PBXFileReference; fileEncoding = 4; lastKnownFileType = text.json; path = ko.json; sourceTree = "<group>"; };
		201BE4512DD4702C002D3370 /* pt.json */ = {isa = PBXFileReference; fileEncoding = 4; lastKnownFileType = text.json; path = pt.json; sourceTree = "<group>"; };
		201BE4532DD4702D002D3370 /* es.json */ = {isa = PBXFileReference; fileEncoding = 4; lastKnownFileType = text.json; path = es.json; sourceTree = "<group>"; };
		201BE4552DD4702D002D3370 /* tr.json */ = {isa = PBXFileReference; fileEncoding = 4; lastKnownFileType = text.json; path = tr.json; sourceTree = "<group>"; };
		201BE4572DD4702D002D3370 /* ar.json */ = {isa = PBXFileReference; fileEncoding = 4; lastKnownFileType = text.json; path = ar.json; sourceTree = "<group>"; };
		201BE4592DD4702D002D3370 /* it.json */ = {isa = PBXFileReference; fileEncoding = 4; lastKnownFileType = text.json; path = it.json; sourceTree = "<group>"; };
		201BE45B2DD4702D002D3370 /* pl.json */ = {isa = PBXFileReference; fileEncoding = 4; lastKnownFileType = text.json; path = pl.json; sourceTree = "<group>"; };
		201BE45D2DD4702D002D3370 /* de.json */ = {isa = PBXFileReference; fileEncoding = 4; lastKnownFileType = text.json; path = de.json; sourceTree = "<group>"; };
		201BE45F2DD4702D002D3370 /* ja.json */ = {isa = PBXFileReference; fileEncoding = 4; lastKnownFileType = text.json; path = ja.json; sourceTree = "<group>"; };
		201BE4612DD4702D002D3370 /* nl.json */ = {isa = PBXFileReference; fileEncoding = 4; lastKnownFileType = text.json; path = nl.json; sourceTree = "<group>"; };
		201BE4632DD4702D002D3370 /* en.json */ = {isa = PBXFileReference; fileEncoding = 4; lastKnownFileType = text.json; path = en.json; sourceTree = "<group>"; };
		201BE4652DD4702D002D3370 /* ru.json */ = {isa = PBXFileReference; fileEncoding = 4; lastKnownFileType = text.json; path = ru.json; sourceTree = "<group>"; };
		201BE4672DD4702D002D3370 /* sv.json */ = {isa = PBXFileReference; fileEncoding = 4; lastKnownFileType = text.json; path = sv.json; sourceTree = "<group>"; };
		201BE4692DD4702D002D3370 /* vi.json */ = {isa = PBXFileReference; fileEncoding = 4; lastKnownFileType = text.json; path = vi.json; sourceTree = "<group>"; };
		201BE46B2DD4702D002D3370 /* hi.json */ = {isa = PBXFileReference; fileEncoding = 4; lastKnownFileType = text.json; path = hi.json; sourceTree = "<group>"; };
		204600A42DD47AAE00F2CE8E /* LocalizationHandler */ = {isa = PBXFileReference; lastKnownFileType = wrapper; name = LocalizationHandler; path = SwiftModules/LocalizationHandler; sourceTree = "<group>"; };
		20549E012DD43819009ED830 /* ChoreKeeper.app */ = {isa = PBXFileReference; explicitFileType = wrapper.application; includeInIndex = 0; path = ChoreKeeper.app; sourceTree = BUILT_PRODUCTS_DIR; };
		20549E042DD43819009ED830 /* ChoreKeeperApp.swift */ = {isa = PBXFileReference; lastKnownFileType = sourcecode.swift; path = ChoreKeeperApp.swift; sourceTree = "<group>"; };
		20549E062DD43819009ED830 /* ContentView.swift */ = {isa = PBXFileReference; lastKnownFileType = sourcecode.swift; path = ContentView.swift; sourceTree = "<group>"; };
		20549E082DD4381B009ED830 /* Assets.xcassets */ = {isa = PBXFileReference; lastKnownFileType = folder.assetcatalog; path = Assets.xcassets; sourceTree = "<group>"; };
		20549E0B2DD4381B009ED830 /* Preview Assets.xcassets */ = {isa = PBXFileReference; lastKnownFileType = folder.assetcatalog; path = "Preview Assets.xcassets"; sourceTree = "<group>"; };
		20549E0D2DD4381B009ED830 /* Persistence.swift */ = {isa = PBXFileReference; lastKnownFileType = sourcecode.swift; path = Persistence.swift; sourceTree = "<group>"; };
		20549E102DD4381B009ED830 /* ChoreKeeper.xcdatamodel */ = {isa = PBXFileReference; lastKnownFileType = wrapper.xcdatamodel; path = ChoreKeeper.xcdatamodel; sourceTree = "<group>"; };
		20549E162DD4381B009ED830 /* ChoreKeeperTests.xctest */ = {isa = PBXFileReference; explicitFileType = wrapper.cfbundle; includeInIndex = 0; path = ChoreKeeperTests.xctest; sourceTree = BUILT_PRODUCTS_DIR; };
		20549E1A2DD4381B009ED830 /* ChoreKeeperTests.swift */ = {isa = PBXFileReference; lastKnownFileType = sourcecode.swift; path = ChoreKeeperTests.swift; sourceTree = "<group>"; };
		20549E202DD4381B009ED830 /* ChoreKeeperUITests.xctest */ = {isa = PBXFileReference; explicitFileType = wrapper.cfbundle; includeInIndex = 0; path = ChoreKeeperUITests.xctest; sourceTree = BUILT_PRODUCTS_DIR; };
		20549E242DD4381B009ED830 /* ChoreKeeperUITests.swift */ = {isa = PBXFileReference; lastKnownFileType = sourcecode.swift; path = ChoreKeeperUITests.swift; sourceTree = "<group>"; };
		20549E262DD4381B009ED830 /* ChoreKeeperUITestsLaunchTests.swift */ = {isa = PBXFileReference; lastKnownFileType = sourcecode.swift; path = ChoreKeeperUITestsLaunchTests.swift; sourceTree = "<group>"; };
		20768DC82DD58C970077FC4F /* LoginSelector.swift */ = {isa = PBXFileReference; lastKnownFileType = sourcecode.swift; path = LoginSelector.swift; sourceTree = "<group>"; };
		20768DCA2DD58CBF0077FC4F /* ParentLogin.swift */ = {isa = PBXFileReference; lastKnownFileType = sourcecode.swift; path = ParentLogin.swift; sourceTree = "<group>"; };
		20768DCC2DD58CD20077FC4F /* ChildLogin.swift */ = {isa = PBXFileReference; lastKnownFileType = sourcecode.swift; path = ChildLogin.swift; sourceTree = "<group>"; };
		20768DCE2DD58CF00077FC4F /* ParentDashboard.swift */ = {isa = PBXFileReference; lastKnownFileType = sourcecode.swift; path = ParentDashboard.swift; sourceTree = "<group>"; };
		20768DD02DD58CFF0077FC4F /* ChildDashboard.swift */ = {isa = PBXFileReference; lastKnownFileType = sourcecode.swift; path = ChildDashboard.swift; sourceTree = "<group>"; };
		20768DD32DD5A58D0077FC4F /* LanguageSelector.swift */ = {isa = PBXFileReference; lastKnownFileType = sourcecode.swift; path = LanguageSelector.swift; sourceTree = "<group>"; };
		20768DD52DD5A5A20077FC4F /* SettingsView.swift */ = {isa = PBXFileReference; lastKnownFileType = sourcecode.swift; path = SettingsView.swift; sourceTree = "<group>"; };
		20768DD72DD5A5B10077FC4F /* SettingsRow.swift */ = {isa = PBXFileReference; lastKnownFileType = sourcecode.swift; path = SettingsRow.swift; sourceTree = "<group>"; };
		209E18602DD9DDEE0077E8F9 /* AppTransitions.swift */ = {isa = PBXFileReference; lastKnownFileType = sourcecode.swift; path = AppTransitions.swift; sourceTree = "<group>"; };
		209E18622DD9DE020077E8F9 /* AppDestination.swift */ = {isa = PBXFileReference; lastKnownFileType = sourcecode.swift; path = AppDestination.swift; sourceTree = "<group>"; };
		209E18642DD9DE270077E8F9 /* AppHeaderView.swift */ = {isa = PBXFileReference; lastKnownFileType = sourcecode.swift; path = AppHeaderView.swift; sourceTree = "<group>"; };
		20A008F92DD8262600308F33 /* IconPickerView.swift */ = {isa = PBXFileReference; lastKnownFileType = sourcecode.swift; path = IconPickerView.swift; sourceTree = "<group>"; };
		20A008FC2DD8269C00308F33 /* TestUsers.swift */ = {isa = PBXFileReference; fileEncoding = 4; lastKnownFileType = sourcecode.swift; path = TestUsers.swift; sourceTree = "<group>"; };
		20A64D052DD515E200D941DF /* Darklight_Logo.svg */ = {isa = PBXFileReference; fileEncoding = 4; lastKnownFileType = text; path = Darklight_Logo.svg; sourceTree = "<group>"; };
		20A64D082DD5160100D941DF /* teacher_avatar_eyes_close_mouth_close.PNG */ = {isa = PBXFileReference; lastKnownFileType = image.png; path = teacher_avatar_eyes_close_mouth_close.PNG; sourceTree = "<group>"; };
		20A64D092DD5160100D941DF /* teacher_avatar_eyes_open_mouth_close.PNG */ = {isa = PBXFileReference; lastKnownFileType = image.png; path = teacher_avatar_eyes_open_mouth_close.PNG; sourceTree = "<group>"; };
		20A64D0A2DD5160100D941DF /* teacher_avatar_eyes_close_mouth_open.PNG */ = {isa = PBXFileReference; lastKnownFileType = image.png; path = teacher_avatar_eyes_close_mouth_open.PNG; sourceTree = "<group>"; };
		20A64D0B2DD5160100D941DF /* teacher_avatar_eyes_open_mouth_open.PNG */ = {isa = PBXFileReference; lastKnownFileType = image.png; path = teacher_avatar_eyes_open_mouth_open.PNG; sourceTree = "<group>"; };
		20A64D102DD517D200D941DF /* SplashScreen.swift */ = {isa = PBXFileReference; lastKnownFileType = sourcecode.swift; path = SplashScreen.swift; sourceTree = "<group>"; };
		20B033942DD683A800151F41 /* DataModels */ = {isa = PBXFileReference; lastKnownFileType = wrapper; name = DataModels; path = SwiftModules/DataModels; sourceTree = "<group>"; };
		20C40CA72DD54DFD00570B1F /* ErrorHandler */ = {isa = PBXFileReference; lastKnownFileType = wrapper; name = ErrorHandler; path = SwiftModules/ErrorHandler; sourceTree = "<group>"; };
		20C4DBB32DD7E3C100CEDE0D /* ChoreHandler */ = {isa = PBXFileReference; lastKnownFileType = wrapper; name = ChoreHandler; path = SwiftModules/ChoreHandler; sourceTree = "<group>"; };
		20C4DBB62DD7E40700CEDE0D /* ChoreView.swift */ = {isa = PBXFileReference; lastKnownFileType = sourcecode.swift; path = ChoreView.swift; sourceTree = "<group>"; };
		20C4DBB82DD7E5B900CEDE0D /* ChoreCalendar.swift */ = {isa = PBXFileReference; lastKnownFileType = sourcecode.swift; path = ChoreCalendar.swift; sourceTree = "<group>"; };
		20C4DBBA2DD7E5C800CEDE0D /* ChoreCalendarItem.swift */ = {isa = PBXFileReference; lastKnownFileType = sourcecode.swift; path = ChoreCalendarItem.swift; sourceTree = "<group>"; };
		20C4DBBC2DD7E5D900CEDE0D /* ChoreList.swift */ = {isa = PBXFileReference; lastKnownFileType = sourcecode.swift; path = ChoreList.swift; sourceTree = "<group>"; };
		20C4DBBE2DD7E5E300CEDE0D /* ChoreListItem.swift */ = {isa = PBXFileReference; lastKnownFileType = sourcecode.swift; path = ChoreListItem.swift; sourceTree = "<group>"; };
/* End PBXFileReference section */

/* Begin PBXFrameworksBuildPhase section */
		20549DFE2DD43819009ED830 /* Frameworks */ = {
			isa = PBXFrameworksBuildPhase;
			buildActionMask = 2147483647;
			files = (
				20B033962DD6842600151F41 /* DataModels in Frameworks */,
				20C40CA92DD54E9000570B1F /* ErrorHandler in Frameworks */,
				201848FB2DD66E7E00F6BB66 /* CoreServices in Frameworks */,
				20C4DBB52DD7E3D600CEDE0D /* ChoreHandler in Frameworks */,
				204600A92DD4808700F2CE8E /* LocalizationHandler in Frameworks */,
			);
			runOnlyForDeploymentPostprocessing = 0;
		};
		20549E132DD4381B009ED830 /* Frameworks */ = {
			isa = PBXFrameworksBuildPhase;
			buildActionMask = 2147483647;
			files = (
			);
			runOnlyForDeploymentPostprocessing = 0;
		};
		20549E1D2DD4381B009ED830 /* Frameworks */ = {
			isa = PBXFrameworksBuildPhase;
			buildActionMask = 2147483647;
			files = (
			);
			runOnlyForDeploymentPostprocessing = 0;
		};
/* End PBXFrameworksBuildPhase section */

/* Begin PBXGroup section */
		201BE4492DD46F82002D3370 /* LocalizationAssets */ = {
			isa = PBXGroup;
			children = (
				201BE4562DD4702D002D3370 /* ar */,
				201BE45C2DD4702D002D3370 /* de */,
				201BE4622DD4702D002D3370 /* en */,
				201BE4522DD4702D002D3370 /* es */,
				201BE44A2DD4702C002D3370 /* fr */,
				201BE46A2DD4702D002D3370 /* hi */,
				201BE4582DD4702D002D3370 /* it */,
				201BE45E2DD4702D002D3370 /* ja */,
				201BE44E2DD4702C002D3370 /* ko */,
				201BE4602DD4702D002D3370 /* nl */,
				201BE45A2DD4702D002D3370 /* pl */,
				201BE4502DD4702C002D3370 /* pt */,
				201BE4642DD4702D002D3370 /* ru */,
				201BE4662DD4702D002D3370 /* sv */,
				201BE4542DD4702D002D3370 /* tr */,
				201BE4682DD4702D002D3370 /* vi */,
				201BE44C2DD4702C002D3370 /* zh */,
			);
			path = LocalizationAssets;
			sourceTree = "<group>";
		};
		201BE44A2DD4702C002D3370 /* fr */ = {
			isa = PBXGroup;
			children = (
				201BE44B2DD4702C002D3370 /* fr.json */,
			);
			path = fr;
			sourceTree = "<group>";
		};
		201BE44C2DD4702C002D3370 /* zh */ = {
			isa = PBXGroup;
			children = (
				201BE44D2DD4702C002D3370 /* zh.json */,
			);
			path = zh;
			sourceTree = "<group>";
		};
		201BE44E2DD4702C002D3370 /* ko */ = {
			isa = PBXGroup;
			children = (
				201BE44F2DD4702C002D3370 /* ko.json */,
			);
			path = ko;
			sourceTree = "<group>";
		};
		201BE4502DD4702C002D3370 /* pt */ = {
			isa = PBXGroup;
			children = (
				201BE4512DD4702C002D3370 /* pt.json */,
			);
			path = pt;
			sourceTree = "<group>";
		};
		201BE4522DD4702D002D3370 /* es */ = {
			isa = PBXGroup;
			children = (
				201BE4532DD4702D002D3370 /* es.json */,
			);
			path = es;
			sourceTree = "<group>";
		};
		201BE4542DD4702D002D3370 /* tr */ = {
			isa = PBXGroup;
			children = (
				201BE4552DD4702D002D3370 /* tr.json */,
			);
			path = tr;
			sourceTree = "<group>";
		};
		201BE4562DD4702D002D3370 /* ar */ = {
			isa = PBXGroup;
			children = (
				201BE4572DD4702D002D3370 /* ar.json */,
			);
			path = ar;
			sourceTree = "<group>";
		};
		201BE4582DD4702D002D3370 /* it */ = {
			isa = PBXGroup;
			children = (
				201BE4592DD4702D002D3370 /* it.json */,
			);
			path = it;
			sourceTree = "<group>";
		};
		201BE45A2DD4702D002D3370 /* pl */ = {
			isa = PBXGroup;
			children = (
				201BE45B2DD4702D002D3370 /* pl.json */,
			);
			path = pl;
			sourceTree = "<group>";
		};
		201BE45C2DD4702D002D3370 /* de */ = {
			isa = PBXGroup;
			children = (
				201BE45D2DD4702D002D3370 /* de.json */,
			);
			path = de;
			sourceTree = "<group>";
		};
		201BE45E2DD4702D002D3370 /* ja */ = {
			isa = PBXGroup;
			children = (
				201BE45F2DD4702D002D3370 /* ja.json */,
			);
			path = ja;
			sourceTree = "<group>";
		};
		201BE4602DD4702D002D3370 /* nl */ = {
			isa = PBXGroup;
			children = (
				201BE4612DD4702D002D3370 /* nl.json */,
			);
			path = nl;
			sourceTree = "<group>";
		};
		201BE4622DD4702D002D3370 /* en */ = {
			isa = PBXGroup;
			children = (
				201BE4632DD4702D002D3370 /* en.json */,
			);
			path = en;
			sourceTree = "<group>";
		};
		201BE4642DD4702D002D3370 /* ru */ = {
			isa = PBXGroup;
			children = (
				201BE4652DD4702D002D3370 /* ru.json */,
			);
			path = ru;
			sourceTree = "<group>";
		};
		201BE4662DD4702D002D3370 /* sv */ = {
			isa = PBXGroup;
			children = (
				201BE4672DD4702D002D3370 /* sv.json */,
			);
			path = sv;
			sourceTree = "<group>";
		};
		201BE4682DD4702D002D3370 /* vi */ = {
			isa = PBXGroup;
			children = (
				201BE4692DD4702D002D3370 /* vi.json */,
			);
			path = vi;
			sourceTree = "<group>";
		};
		201BE46A2DD4702D002D3370 /* hi */ = {
			isa = PBXGroup;
			children = (
				201BE46B2DD4702D002D3370 /* hi.json */,
			);
			path = hi;
			sourceTree = "<group>";
		};
		204600A32DD47AAE00F2CE8E /* Packages */ = {
			isa = PBXGroup;
			children = (
				204600A42DD47AAE00F2CE8E /* LocalizationHandler */,
				20C40CA72DD54DFD00570B1F /* ErrorHandler */,
				201848F92DD66E5700F6BB66 /* CoreServices */,
				20B033942DD683A800151F41 /* DataModels */,
				20C4DBB32DD7E3C100CEDE0D /* ChoreHandler */,
			);
			name = Packages;
			sourceTree = "<group>";
		};
		204600A72DD4808700F2CE8E /* Frameworks */ = {
			isa = PBXGroup;
			children = (
			);
			name = Frameworks;
			sourceTree = "<group>";
		};
		20549DF82DD43819009ED830 = {
			isa = PBXGroup;
			children = (
				204600A32DD47AAE00F2CE8E /* Packages */,
				20549E032DD43819009ED830 /* ChoreKeeper */,
				20549E192DD4381B009ED830 /* ChoreKeeperTests */,
				20549E232DD4381B009ED830 /* ChoreKeeperUITests */,
				20549E022DD43819009ED830 /* Products */,
				204600A72DD4808700F2CE8E /* Frameworks */,
			);
			sourceTree = "<group>";
		};
		20549E022DD43819009ED830 /* Products */ = {
			isa = PBXGroup;
			children = (
				20549E012DD43819009ED830 /* ChoreKeeper.app */,
				20549E162DD4381B009ED830 /* ChoreKeeperTests.xctest */,
				20549E202DD4381B009ED830 /* ChoreKeeperUITests.xctest */,
			);
			name = Products;
			sourceTree = "<group>";
		};
		20549E032DD43819009ED830 /* ChoreKeeper */ = {
			isa = PBXGroup;
			children = (
				200B9B252DD933B300A7D7C5 /* ThemeManager.swift */,
				200B9B212DD9332C00A7D7C5 /* AccountType.swift */,
				20A008FB2DD8269C00308F33 /* TestData */,
				20768DD22DD5A5670077FC4F /* SharedUIComponents */,
				20A64D032DD5158400D941DF /* GraphicsAssets */,
				201BE4492DD46F82002D3370 /* LocalizationAssets */,
				20549E042DD43819009ED830 /* ChoreKeeperApp.swift */,
				20549E062DD43819009ED830 /* ContentView.swift */,
				20549E082DD4381B009ED830 /* Assets.xcassets */,
				20549E0D2DD4381B009ED830 /* Persistence.swift */,
				20549E0F2DD4381B009ED830 /* ChoreKeeper.xcdatamodeld */,
				20549E0A2DD4381B009ED830 /* Preview Content */,
				20A64D102DD517D200D941DF /* SplashScreen.swift */,
				20768DC82DD58C970077FC4F /* LoginSelector.swift */,
				20768DCA2DD58CBF0077FC4F /* ParentLogin.swift */,
				20768DCC2DD58CD20077FC4F /* ChildLogin.swift */,
				20768DCE2DD58CF00077FC4F /* ParentDashboard.swift */,
				20768DD02DD58CFF0077FC4F /* ChildDashboard.swift */,
				200E91F52DD9CB1E00A326DE /* AppState.swift */,
				209E18602DD9DDEE0077E8F9 /* AppTransitions.swift */,
				209E18622DD9DE020077E8F9 /* AppDestination.swift */,
			);
			path = ChoreKeeper;
			sourceTree = "<group>";
		};
		20549E0A2DD4381B009ED830 /* Preview Content */ = {
			isa = PBXGroup;
			children = (
				20549E0B2DD4381B009ED830 /* Preview Assets.xcassets */,
			);
			path = "Preview Content";
			sourceTree = "<group>";
		};
		20549E192DD4381B009ED830 /* ChoreKeeperTests */ = {
			isa = PBXGroup;
			children = (
				20549E1A2DD4381B009ED830 /* ChoreKeeperTests.swift */,
			);
			path = ChoreKeeperTests;
			sourceTree = "<group>";
		};
		20549E232DD4381B009ED830 /* ChoreKeeperUITests */ = {
			isa = PBXGroup;
			children = (
				20549E242DD4381B009ED830 /* ChoreKeeperUITests.swift */,
				20549E262DD4381B009ED830 /* ChoreKeeperUITestsLaunchTests.swift */,
			);
			path = ChoreKeeperUITests;
			sourceTree = "<group>";
		};
		20768DD22DD5A5670077FC4F /* SharedUIComponents */ = {
			isa = PBXGroup;
			children = (
				20C4DBB62DD7E40700CEDE0D /* ChoreView.swift */,
				20768DD32DD5A58D0077FC4F /* LanguageSelector.swift */,
				20768DD52DD5A5A20077FC4F /* SettingsView.swift */,
				20768DD72DD5A5B10077FC4F /* SettingsRow.swift */,
				20C4DBB82DD7E5B900CEDE0D /* ChoreCalendar.swift */,
				20C4DBBA2DD7E5C800CEDE0D /* ChoreCalendarItem.swift */,
				20C4DBBC2DD7E5D900CEDE0D /* ChoreList.swift */,
				20C4DBBE2DD7E5E300CEDE0D /* ChoreListItem.swift */,
				20A008F92DD8262600308F33 /* IconPickerView.swift */,
				209E18642DD9DE270077E8F9 /* AppHeaderView.swift */,
			);
			path = SharedUIComponents;
			sourceTree = "<group>";
		};
		20A008FB2DD8269C00308F33 /* TestData */ = {
			isa = PBXGroup;
			children = (
				20A008FC2DD8269C00308F33 /* TestUsers.swift */,
			);
			path = TestData;
			sourceTree = "<group>";
		};
		20A64D032DD5158400D941DF /* GraphicsAssets */ = {
			isa = PBXGroup;
			children = (
				20A64D072DD5160100D941DF /* teacher */,
				20A64D042DD515E200D941DF /* logo */,
			);
			path = GraphicsAssets;
			sourceTree = "<group>";
		};
		20A64D042DD515E200D941DF /* logo */ = {
			isa = PBXGroup;
			children = (
				20A64D052DD515E200D941DF /* Darklight_Logo.svg */,
			);
			path = logo;
			sourceTree = "<group>";
		};
		20A64D072DD5160100D941DF /* teacher */ = {
			isa = PBXGroup;
			children = (
				20A64D082DD5160100D941DF /* teacher_avatar_eyes_close_mouth_close.PNG */,
				20A64D092DD5160100D941DF /* teacher_avatar_eyes_open_mouth_close.PNG */,
				20A64D0A2DD5160100D941DF /* teacher_avatar_eyes_close_mouth_open.PNG */,
				20A64D0B2DD5160100D941DF /* teacher_avatar_eyes_open_mouth_open.PNG */,
			);
			path = teacher;
			sourceTree = "<group>";
		};
/* End PBXGroup section */

/* Begin PBXNativeTarget section */
		20549E002DD43819009ED830 /* ChoreKeeper */ = {
			isa = PBXNativeTarget;
			buildConfigurationList = 20549E2A2DD4381B009ED830 /* Build configuration list for PBXNativeTarget "ChoreKeeper" */;
			buildPhases = (
				20549DFD2DD43819009ED830 /* Sources */,
				20549DFE2DD43819009ED830 /* Frameworks */,
				20549DFF2DD43819009ED830 /* Resources */,
			);
			buildRules = (
			);
			dependencies = (
			);
			name = ChoreKeeper;
			packageProductDependencies = (
				204600A82DD4808700F2CE8E /* LocalizationHandler */,
				20C40CA82DD54E9000570B1F /* ErrorHandler */,
				201848FA2DD66E7E00F6BB66 /* CoreServices */,
				20B033952DD6842600151F41 /* DataModels */,
				20C4DBB42DD7E3D600CEDE0D /* ChoreHandler */,
			);
			productName = ChoreKeeper;
			productReference = 20549E012DD43819009ED830 /* ChoreKeeper.app */;
			productType = "com.apple.product-type.application";
		};
		20549E152DD4381B009ED830 /* ChoreKeeperTests */ = {
			isa = PBXNativeTarget;
			buildConfigurationList = 20549E2D2DD4381B009ED830 /* Build configuration list for PBXNativeTarget "ChoreKeeperTests" */;
			buildPhases = (
				20549E122DD4381B009ED830 /* Sources */,
				20549E132DD4381B009ED830 /* Frameworks */,
				20549E142DD4381B009ED830 /* Resources */,
			);
			buildRules = (
			);
			dependencies = (
				20549E182DD4381B009ED830 /* PBXTargetDependency */,
			);
			name = ChoreKeeperTests;
			productName = ChoreKeeperTests;
			productReference = 20549E162DD4381B009ED830 /* ChoreKeeperTests.xctest */;
			productType = "com.apple.product-type.bundle.unit-test";
		};
		20549E1F2DD4381B009ED830 /* ChoreKeeperUITests */ = {
			isa = PBXNativeTarget;
			buildConfigurationList = 20549E302DD4381B009ED830 /* Build configuration list for PBXNativeTarget "ChoreKeeperUITests" */;
			buildPhases = (
				20549E1C2DD4381B009ED830 /* Sources */,
				20549E1D2DD4381B009ED830 /* Frameworks */,
				20549E1E2DD4381B009ED830 /* Resources */,
			);
			buildRules = (
			);
			dependencies = (
				20549E222DD4381B009ED830 /* PBXTargetDependency */,
			);
			name = ChoreKeeperUITests;
			productName = ChoreKeeperUITests;
			productReference = 20549E202DD4381B009ED830 /* ChoreKeeperUITests.xctest */;
			productType = "com.apple.product-type.bundle.ui-testing";
		};
/* End PBXNativeTarget section */

/* Begin PBXProject section */
		20549DF92DD43819009ED830 /* Project object */ = {
			isa = PBXProject;
			attributes = {
				BuildIndependentTargetsInParallel = 1;
				LastSwiftUpdateCheck = 1420;
				LastUpgradeCheck = 1420;
				TargetAttributes = {
					20549E002DD43819009ED830 = {
						CreatedOnToolsVersion = 14.2;
					};
					20549E152DD4381B009ED830 = {
						CreatedOnToolsVersion = 14.2;
						TestTargetID = 20549E002DD43819009ED830;
					};
					20549E1F2DD4381B009ED830 = {
						CreatedOnToolsVersion = 14.2;
						TestTargetID = 20549E002DD43819009ED830;
					};
				};
			};
			buildConfigurationList = 20549DFC2DD43819009ED830 /* Build configuration list for PBXProject "ChoreKeeper" */;
			compatibilityVersion = "Xcode 14.0";
			developmentRegion = en;
			hasScannedForEncodings = 0;
			knownRegions = (
				en,
				Base,
			);
			mainGroup = 20549DF82DD43819009ED830;
			productRefGroup = 20549E022DD43819009ED830 /* Products */;
			projectDirPath = "";
			projectRoot = "";
			targets = (
				20549E002DD43819009ED830 /* ChoreKeeper */,
				20549E152DD4381B009ED830 /* ChoreKeeperTests */,
				20549E1F2DD4381B009ED830 /* ChoreKeeperUITests */,
			);
		};
/* End PBXProject section */

/* Begin PBXResourcesBuildPhase section */
		20549DFF2DD43819009ED830 /* Resources */ = {
			isa = PBXResourcesBuildPhase;
			buildActionMask = 2147483647;
			files = (
				201BE4742DD4702D002D3370 /* pl.json in Resources */,
				20549E0C2DD4381B009ED830 /* Preview Assets.xcassets in Resources */,
				201BE4752DD4702D002D3370 /* de.json in Resources */,
				201BE4702DD4702D002D3370 /* es.json in Resources */,
				20A64D0D2DD5160100D941DF /* teacher_avatar_eyes_open_mouth_close.PNG in Resources */,
				201BE4712DD4702D002D3370 /* tr.json in Resources */,
				20A64D0C2DD5160100D941DF /* teacher_avatar_eyes_close_mouth_close.PNG in Resources */,
				20A64D0E2DD5160100D941DF /* teacher_avatar_eyes_close_mouth_open.PNG in Resources */,
				201BE46E2DD4702D002D3370 /* ko.json in Resources */,
				201BE46F2DD4702D002D3370 /* pt.json in Resources */,
				20549E092DD4381B009ED830 /* Assets.xcassets in Resources */,
				201BE47B2DD4702D002D3370 /* vi.json in Resources */,
				201BE4772DD4702D002D3370 /* nl.json in Resources */,
				201BE4732DD4702D002D3370 /* it.json in Resources */,
				201BE4792DD4702D002D3370 /* ru.json in Resources */,
				20A64D0F2DD5160100D941DF /* teacher_avatar_eyes_open_mouth_open.PNG in Resources */,
				201BE46D2DD4702D002D3370 /* zh.json in Resources */,
				201BE4782DD4702D002D3370 /* en.json in Resources */,
				201BE47C2DD4702D002D3370 /* hi.json in Resources */,
				201BE47A2DD4702D002D3370 /* sv.json in Resources */,
				201BE4762DD4702D002D3370 /* ja.json in Resources */,
				201BE46C2DD4702D002D3370 /* fr.json in Resources */,
				20A64D062DD515E200D941DF /* Darklight_Logo.svg in Resources */,
				201BE4722DD4702D002D3370 /* ar.json in Resources */,
			);
			runOnlyForDeploymentPostprocessing = 0;
		};
		20549E142DD4381B009ED830 /* Resources */ = {
			isa = PBXResourcesBuildPhase;
			buildActionMask = 2147483647;
			files = (
			);
			runOnlyForDeploymentPostprocessing = 0;
		};
		20549E1E2DD4381B009ED830 /* Resources */ = {
			isa = PBXResourcesBuildPhase;
			buildActionMask = 2147483647;
			files = (
			);
			runOnlyForDeploymentPostprocessing = 0;
		};
/* End PBXResourcesBuildPhase section */

/* Begin PBXSourcesBuildPhase section */
		20549DFD2DD43819009ED830 /* Sources */ = {
			isa = PBXSourcesBuildPhase;
			buildActionMask = 2147483647;
			files = (
				20A008FD2DD8269C00308F33 /* TestUsers.swift in Sources */,
				20768DD82DD5A5B10077FC4F /* SettingsRow.swift in Sources */,
				20768DCF2DD58CF00077FC4F /* ParentDashboard.swift in Sources */,
				20C4DBBF2DD7E5E300CEDE0D /* ChoreListItem.swift in Sources */,
				209E18652DD9DE270077E8F9 /* AppHeaderView.swift in Sources */,
				20C4DBB72DD7E40700CEDE0D /* ChoreView.swift in Sources */,
				20768DCD2DD58CD20077FC4F /* ChildLogin.swift in Sources */,
				20768DC92DD58C970077FC4F /* LoginSelector.swift in Sources */,
				20A64D112DD517D200D941DF /* SplashScreen.swift in Sources */,
				209E18612DD9DDEE0077E8F9 /* AppTransitions.swift in Sources */,
				209E18632DD9DE020077E8F9 /* AppDestination.swift in Sources */,
				20549E0E2DD4381B009ED830 /* Persistence.swift in Sources */,
				20549E112DD4381B009ED830 /* ChoreKeeper.xcdatamodeld in Sources */,
				20768DD42DD5A58D0077FC4F /* LanguageSelector.swift in Sources */,
				20C4DBBD2DD7E5D900CEDE0D /* ChoreList.swift in Sources */,
				20768DCB2DD58CBF0077FC4F /* ParentLogin.swift in Sources */,
				20C4DBB92DD7E5B900CEDE0D /* ChoreCalendar.swift in Sources */,
				20768DD12DD58CFF0077FC4F /* ChildDashboard.swift in Sources */,
				20C4DBBB2DD7E5C800CEDE0D /* ChoreCalendarItem.swift in Sources */,
				200B9B262DD933B300A7D7C5 /* ThemeManager.swift in Sources */,
				200B9B222DD9332C00A7D7C5 /* AccountType.swift in Sources */,
				200E91F62DD9CB1E00A326DE /* AppState.swift in Sources */,
				20768DD62DD5A5A20077FC4F /* SettingsView.swift in Sources */,
				20A008FA2DD8262600308F33 /* IconPickerView.swift in Sources */,
				20549E072DD43819009ED830 /* ContentView.swift in Sources */,
				20549E052DD43819009ED830 /* ChoreKeeperApp.swift in Sources */,
			);
			runOnlyForDeploymentPostprocessing = 0;
		};
		20549E122DD4381B009ED830 /* Sources */ = {
			isa = PBXSourcesBuildPhase;
			buildActionMask = 2147483647;
			files = (
				20549E1B2DD4381B009ED830 /* ChoreKeeperTests.swift in Sources */,
			);
			runOnlyForDeploymentPostprocessing = 0;
		};
		20549E1C2DD4381B009ED830 /* Sources */ = {
			isa = PBXSourcesBuildPhase;
			buildActionMask = 2147483647;
			files = (
				20549E272DD4381B009ED830 /* ChoreKeeperUITestsLaunchTests.swift in Sources */,
				20549E252DD4381B009ED830 /* ChoreKeeperUITests.swift in Sources */,
			);
			runOnlyForDeploymentPostprocessing = 0;
		};
/* End PBXSourcesBuildPhase section */

/* Begin PBXTargetDependency section */
		20549E182DD4381B009ED830 /* PBXTargetDependency */ = {
			isa = PBXTargetDependency;
			target = 20549E002DD43819009ED830 /* ChoreKeeper */;
			targetProxy = 20549E172DD4381B009ED830 /* PBXContainerItemProxy */;
		};
		20549E222DD4381B009ED830 /* PBXTargetDependency */ = {
			isa = PBXTargetDependency;
			target = 20549E002DD43819009ED830 /* ChoreKeeper */;
			targetProxy = 20549E212DD4381B009ED830 /* PBXContainerItemProxy */;
		};
/* End PBXTargetDependency section */

/* Begin XCBuildConfiguration section */
		20549E282DD4381B009ED830 /* Debug */ = {
			isa = XCBuildConfiguration;
			buildSettings = {
				ALWAYS_SEARCH_USER_PATHS = NO;
				CLANG_ANALYZER_NONNULL = YES;
				CLANG_ANALYZER_NUMBER_OBJECT_CONVERSION = YES_AGGRESSIVE;
				CLANG_CXX_LANGUAGE_STANDARD = "gnu++20";
				CLANG_ENABLE_MODULES = YES;
				CLANG_ENABLE_OBJC_ARC = YES;
				CLANG_ENABLE_OBJC_WEAK = YES;
				CLANG_WARN_BLOCK_CAPTURE_AUTORELEASING = YES;
				CLANG_WARN_BOOL_CONVERSION = YES;
				CLANG_WARN_COMMA = YES;
				CLANG_WARN_CONSTANT_CONVERSION = YES;
				CLANG_WARN_DEPRECATED_OBJC_IMPLEMENTATIONS = YES;
				CLANG_WARN_DIRECT_OBJC_ISA_USAGE = YES_ERROR;
				CLANG_WARN_DOCUMENTATION_COMMENTS = YES;
				CLANG_WARN_EMPTY_BODY = YES;
				CLANG_WARN_ENUM_CONVERSION = YES;
				CLANG_WARN_INFINITE_RECURSION = YES;
				CLANG_WARN_INT_CONVERSION = YES;
				CLANG_WARN_NON_LITERAL_NULL_CONVERSION = YES;
				CLANG_WARN_OBJC_IMPLICIT_RETAIN_SELF = YES;
				CLANG_WARN_OBJC_LITERAL_CONVERSION = YES;
				CLANG_WARN_OBJC_ROOT_CLASS = YES_ERROR;
				CLANG_WARN_QUOTED_INCLUDE_IN_FRAMEWORK_HEADER = YES;
				CLANG_WARN_RANGE_LOOP_ANALYSIS = YES;
				CLANG_WARN_STRICT_PROTOTYPES = YES;
				CLANG_WARN_SUSPICIOUS_MOVE = YES;
				CLANG_WARN_UNGUARDED_AVAILABILITY = YES_AGGRESSIVE;
				CLANG_WARN_UNREACHABLE_CODE = YES;
				CLANG_WARN__DUPLICATE_METHOD_MATCH = YES;
				COPY_PHASE_STRIP = NO;
				DEBUG_INFORMATION_FORMAT = dwarf;
				ENABLE_STRICT_OBJC_MSGSEND = YES;
				ENABLE_TESTABILITY = YES;
				GCC_C_LANGUAGE_STANDARD = gnu11;
				GCC_DYNAMIC_NO_PIC = NO;
				GCC_NO_COMMON_BLOCKS = YES;
				GCC_OPTIMIZATION_LEVEL = 0;
				GCC_PREPROCESSOR_DEFINITIONS = (
					"DEBUG=1",
					"$(inherited)",
				);
				GCC_WARN_64_TO_32_BIT_CONVERSION = YES;
				GCC_WARN_ABOUT_RETURN_TYPE = YES_ERROR;
				GCC_WARN_UNDECLARED_SELECTOR = YES;
				GCC_WARN_UNINITIALIZED_AUTOS = YES_AGGRESSIVE;
				GCC_WARN_UNUSED_FUNCTION = YES;
				GCC_WARN_UNUSED_VARIABLE = YES;
				IPHONEOS_DEPLOYMENT_TARGET = 16.2;
				MTL_ENABLE_DEBUG_INFO = INCLUDE_SOURCE;
				MTL_FAST_MATH = YES;
				ONLY_ACTIVE_ARCH = YES;
				SDKROOT = iphoneos;
				SWIFT_ACTIVE_COMPILATION_CONDITIONS = DEBUG;
				SWIFT_OPTIMIZATION_LEVEL = "-Onone";
			};
			name = Debug;
		};
		20549E292DD4381B009ED830 /* Release */ = {
			isa = XCBuildConfiguration;
			buildSettings = {
				ALWAYS_SEARCH_USER_PATHS = NO;
				CLANG_ANALYZER_NONNULL = YES;
				CLANG_ANALYZER_NUMBER_OBJECT_CONVERSION = YES_AGGRESSIVE;
				CLANG_CXX_LANGUAGE_STANDARD = "gnu++20";
				CLANG_ENABLE_MODULES = YES;
				CLANG_ENABLE_OBJC_ARC = YES;
				CLANG_ENABLE_OBJC_WEAK = YES;
				CLANG_WARN_BLOCK_CAPTURE_AUTORELEASING = YES;
				CLANG_WARN_BOOL_CONVERSION = YES;
				CLANG_WARN_COMMA = YES;
				CLANG_WARN_CONSTANT_CONVERSION = YES;
				CLANG_WARN_DEPRECATED_OBJC_IMPLEMENTATIONS = YES;
				CLANG_WARN_DIRECT_OBJC_ISA_USAGE = YES_ERROR;
				CLANG_WARN_DOCUMENTATION_COMMENTS = YES;
				CLANG_WARN_EMPTY_BODY = YES;
				CLANG_WARN_ENUM_CONVERSION = YES;
				CLANG_WARN_INFINITE_RECURSION = YES;
				CLANG_WARN_INT_CONVERSION = YES;
				CLANG_WARN_NON_LITERAL_NULL_CONVERSION = YES;
				CLANG_WARN_OBJC_IMPLICIT_RETAIN_SELF = YES;
				CLANG_WARN_OBJC_LITERAL_CONVERSION = YES;
				CLANG_WARN_OBJC_ROOT_CLASS = YES_ERROR;
				CLANG_WARN_QUOTED_INCLUDE_IN_FRAMEWORK_HEADER = YES;
				CLANG_WARN_RANGE_LOOP_ANALYSIS = YES;
				CLANG_WARN_STRICT_PROTOTYPES = YES;
				CLANG_WARN_SUSPICIOUS_MOVE = YES;
				CLANG_WARN_UNGUARDED_AVAILABILITY = YES_AGGRESSIVE;
				CLANG_WARN_UNREACHABLE_CODE = YES;
				CLANG_WARN__DUPLICATE_METHOD_MATCH = YES;
				COPY_PHASE_STRIP = NO;
				DEBUG_INFORMATION_FORMAT = "dwarf-with-dsym";
				ENABLE_NS_ASSERTIONS = NO;
				ENABLE_STRICT_OBJC_MSGSEND = YES;
				GCC_C_LANGUAGE_STANDARD = gnu11;
				GCC_NO_COMMON_BLOCKS = YES;
				GCC_WARN_64_TO_32_BIT_CONVERSION = YES;
				GCC_WARN_ABOUT_RETURN_TYPE = YES_ERROR;
				GCC_WARN_UNDECLARED_SELECTOR = YES;
				GCC_WARN_UNINITIALIZED_AUTOS = YES_AGGRESSIVE;
				GCC_WARN_UNUSED_FUNCTION = YES;
				GCC_WARN_UNUSED_VARIABLE = YES;
				IPHONEOS_DEPLOYMENT_TARGET = 16.2;
				MTL_ENABLE_DEBUG_INFO = NO;
				MTL_FAST_MATH = YES;
				SDKROOT = iphoneos;
				SWIFT_COMPILATION_MODE = wholemodule;
				SWIFT_OPTIMIZATION_LEVEL = "-O";
				VALIDATE_PRODUCT = YES;
			};
			name = Release;
		};
		20549E2B2DD4381B009ED830 /* Debug */ = {
			isa = XCBuildConfiguration;
			buildSettings = {
				ASSETCATALOG_COMPILER_APPICON_NAME = AppIcon;
				ASSETCATALOG_COMPILER_GLOBAL_ACCENT_COLOR_NAME = AccentColor;
				CODE_SIGN_STYLE = Automatic;
				CURRENT_PROJECT_VERSION = 1;
				DEVELOPMENT_ASSET_PATHS = "\"ChoreKeeper/Preview Content\"";
				ENABLE_PREVIEWS = YES;
				GENERATE_INFOPLIST_FILE = YES;
				INFOPLIST_KEY_CFBundleDisplayName = ChoreKeeper;
				INFOPLIST_KEY_LSApplicationCategoryType = "public.app-category.productivity";
				INFOPLIST_KEY_UIApplicationSceneManifest_Generation = YES;
				INFOPLIST_KEY_UIApplicationSupportsIndirectInputEvents = YES;
				INFOPLIST_KEY_UILaunchScreen_Generation = YES;
				INFOPLIST_KEY_UISupportedInterfaceOrientations_iPad = "UIInterfaceOrientationPortrait UIInterfaceOrientationPortraitUpsideDown UIInterfaceOrientationLandscapeLeft UIInterfaceOrientationLandscapeRight";
				INFOPLIST_KEY_UISupportedInterfaceOrientations_iPhone = "UIInterfaceOrientationPortrait UIInterfaceOrientationLandscapeLeft UIInterfaceOrientationLandscapeRight";
				LD_RUNPATH_SEARCH_PATHS = (
					"$(inherited)",
					"@executable_path/Frameworks",
				);
				MARKETING_VERSION = 1.0;
				PRODUCT_BUNDLE_IDENTIFIER = com.DarkLight.ChoreKeeper;
				PRODUCT_NAME = "$(TARGET_NAME)";
				SUPPORTED_PLATFORMS = "iphoneos iphonesimulator";
				SUPPORTS_MACCATALYST = NO;
				SUPPORTS_MAC_DESIGNED_FOR_IPHONE_IPAD = NO;
				SWIFT_EMIT_LOC_STRINGS = YES;
				SWIFT_VERSION = 5.0;
				TARGETED_DEVICE_FAMILY = "1,2";
			};
			name = Debug;
		};
		20549E2C2DD4381B009ED830 /* Release */ = {
			isa = XCBuildConfiguration;
			buildSettings = {
				ASSETCATALOG_COMPILER_APPICON_NAME = AppIcon;
				ASSETCATALOG_COMPILER_GLOBAL_ACCENT_COLOR_NAME = AccentColor;
				CODE_SIGN_STYLE = Automatic;
				CURRENT_PROJECT_VERSION = 1;
				DEVELOPMENT_ASSET_PATHS = "\"ChoreKeeper/Preview Content\"";
				ENABLE_PREVIEWS = YES;
				GENERATE_INFOPLIST_FILE = YES;
				INFOPLIST_KEY_CFBundleDisplayName = ChoreKeeper;
				INFOPLIST_KEY_LSApplicationCategoryType = "public.app-category.productivity";
				INFOPLIST_KEY_UIApplicationSceneManifest_Generation = YES;
				INFOPLIST_KEY_UIApplicationSupportsIndirectInputEvents = YES;
				INFOPLIST_KEY_UILaunchScreen_Generation = YES;
				INFOPLIST_KEY_UISupportedInterfaceOrientations_iPad = "UIInterfaceOrientationPortrait UIInterfaceOrientationPortraitUpsideDown UIInterfaceOrientationLandscapeLeft UIInterfaceOrientationLandscapeRight";
				INFOPLIST_KEY_UISupportedInterfaceOrientations_iPhone = "UIInterfaceOrientationPortrait UIInterfaceOrientationLandscapeLeft UIInterfaceOrientationLandscapeRight";
				LD_RUNPATH_SEARCH_PATHS = (
					"$(inherited)",
					"@executable_path/Frameworks",
				);
				MARKETING_VERSION = 1.0;
				PRODUCT_BUNDLE_IDENTIFIER = com.DarkLight.ChoreKeeper;
				PRODUCT_NAME = "$(TARGET_NAME)";
				SUPPORTED_PLATFORMS = "iphoneos iphonesimulator";
				SUPPORTS_MACCATALYST = NO;
				SUPPORTS_MAC_DESIGNED_FOR_IPHONE_IPAD = NO;
				SWIFT_EMIT_LOC_STRINGS = YES;
				SWIFT_VERSION = 5.0;
				TARGETED_DEVICE_FAMILY = "1,2";
			};
			name = Release;
		};
		20549E2E2DD4381B009ED830 /* Debug */ = {
			isa = XCBuildConfiguration;
			buildSettings = {
				ALWAYS_EMBED_SWIFT_STANDARD_LIBRARIES = YES;
				BUNDLE_LOADER = "$(TEST_HOST)";
				CODE_SIGN_STYLE = Automatic;
				CURRENT_PROJECT_VERSION = 1;
				GENERATE_INFOPLIST_FILE = YES;
				IPHONEOS_DEPLOYMENT_TARGET = 16.2;
				MARKETING_VERSION = 1.0;
				PRODUCT_BUNDLE_IDENTIFIER = com.DarkLight.ChoreKeeperTests;
				PRODUCT_NAME = "$(TARGET_NAME)";
				SWIFT_EMIT_LOC_STRINGS = NO;
				SWIFT_VERSION = 5.0;
				TARGETED_DEVICE_FAMILY = "1,2";
				TEST_HOST = "$(BUILT_PRODUCTS_DIR)/ChoreKeeper.app/$(BUNDLE_EXECUTABLE_FOLDER_PATH)/ChoreKeeper";
			};
			name = Debug;
		};
		20549E2F2DD4381B009ED830 /* Release */ = {
			isa = XCBuildConfiguration;
			buildSettings = {
				ALWAYS_EMBED_SWIFT_STANDARD_LIBRARIES = YES;
				BUNDLE_LOADER = "$(TEST_HOST)";
				CODE_SIGN_STYLE = Automatic;
				CURRENT_PROJECT_VERSION = 1;
				GENERATE_INFOPLIST_FILE = YES;
				IPHONEOS_DEPLOYMENT_TARGET = 16.2;
				MARKETING_VERSION = 1.0;
				PRODUCT_BUNDLE_IDENTIFIER = com.DarkLight.ChoreKeeperTests;
				PRODUCT_NAME = "$(TARGET_NAME)";
				SWIFT_EMIT_LOC_STRINGS = NO;
				SWIFT_VERSION = 5.0;
				TARGETED_DEVICE_FAMILY = "1,2";
				TEST_HOST = "$(BUILT_PRODUCTS_DIR)/ChoreKeeper.app/$(BUNDLE_EXECUTABLE_FOLDER_PATH)/ChoreKeeper";
			};
			name = Release;
		};
		20549E312DD4381B009ED830 /* Debug */ = {
			isa = XCBuildConfiguration;
			buildSettings = {
				ALWAYS_EMBED_SWIFT_STANDARD_LIBRARIES = YES;
				CODE_SIGN_STYLE = Automatic;
				CURRENT_PROJECT_VERSION = 1;
				GENERATE_INFOPLIST_FILE = YES;
				MARKETING_VERSION = 1.0;
				PRODUCT_BUNDLE_IDENTIFIER = com.DarkLight.ChoreKeeperUITests;
				PRODUCT_NAME = "$(TARGET_NAME)";
				SWIFT_EMIT_LOC_STRINGS = NO;
				SWIFT_VERSION = 5.0;
				TARGETED_DEVICE_FAMILY = "1,2";
				TEST_TARGET_NAME = ChoreKeeper;
			};
			name = Debug;
		};
		20549E322DD4381B009ED830 /* Release */ = {
			isa = XCBuildConfiguration;
			buildSettings = {
				ALWAYS_EMBED_SWIFT_STANDARD_LIBRARIES = YES;
				CODE_SIGN_STYLE = Automatic;
				CURRENT_PROJECT_VERSION = 1;
				GENERATE_INFOPLIST_FILE = YES;
				MARKETING_VERSION = 1.0;
				PRODUCT_BUNDLE_IDENTIFIER = com.DarkLight.ChoreKeeperUITests;
				PRODUCT_NAME = "$(TARGET_NAME)";
				SWIFT_EMIT_LOC_STRINGS = NO;
				SWIFT_VERSION = 5.0;
				TARGETED_DEVICE_FAMILY = "1,2";
				TEST_TARGET_NAME = ChoreKeeper;
			};
			name = Release;
		};
/* End XCBuildConfiguration section */

/* Begin XCConfigurationList section */
		20549DFC2DD43819009ED830 /* Build configuration list for PBXProject "ChoreKeeper" */ = {
			isa = XCConfigurationList;
			buildConfigurations = (
				20549E282DD4381B009ED830 /* Debug */,
				20549E292DD4381B009ED830 /* Release */,
			);
			defaultConfigurationIsVisible = 0;
			defaultConfigurationName = Release;
		};
		20549E2A2DD4381B009ED830 /* Build configuration list for PBXNativeTarget "ChoreKeeper" */ = {
			isa = XCConfigurationList;
			buildConfigurations = (
				20549E2B2DD4381B009ED830 /* Debug */,
				20549E2C2DD4381B009ED830 /* Release */,
			);
			defaultConfigurationIsVisible = 0;
			defaultConfigurationName = Release;
		};
		20549E2D2DD4381B009ED830 /* Build configuration list for PBXNativeTarget "ChoreKeeperTests" */ = {
			isa = XCConfigurationList;
			buildConfigurations = (
				20549E2E2DD4381B009ED830 /* Debug */,
				20549E2F2DD4381B009ED830 /* Release */,
			);
			defaultConfigurationIsVisible = 0;
			defaultConfigurationName = Release;
		};
		20549E302DD4381B009ED830 /* Build configuration list for PBXNativeTarget "ChoreKeeperUITests" */ = {
			isa = XCConfigurationList;
			buildConfigurations = (
				20549E312DD4381B009ED830 /* Debug */,
				20549E322DD4381B009ED830 /* Release */,
			);
			defaultConfigurationIsVisible = 0;
			defaultConfigurationName = Release;
		};
/* End XCConfigurationList section */

/* Begin XCSwiftPackageProductDependency section */
		201848FA2DD66E7E00F6BB66 /* CoreServices */ = {
			isa = XCSwiftPackageProductDependency;
			productName = CoreServices;
		};
		204600A82DD4808700F2CE8E /* LocalizationHandler */ = {
			isa = XCSwiftPackageProductDependency;
			productName = LocalizationHandler;
		};
		20B033952DD6842600151F41 /* DataModels */ = {
			isa = XCSwiftPackageProductDependency;
			productName = DataModels;
		};
		20C40CA82DD54E9000570B1F /* ErrorHandler */ = {
			isa = XCSwiftPackageProductDependency;
			productName = ErrorHandler;
		};
		20C4DBB42DD7E3D600CEDE0D /* ChoreHandler */ = {
			isa = XCSwiftPackageProductDependency;
			productName = ChoreHandler;
		};
/* End XCSwiftPackageProductDependency section */

/* Begin XCVersionGroup section */
		20549E0F2DD4381B009ED830 /* ChoreKeeper.xcdatamodeld */ = {
			isa = XCVersionGroup;
			children = (
				20549E102DD4381B009ED830 /* ChoreKeeper.xcdatamodel */,
			);
			currentVersion = 20549E102DD4381B009ED830 /* ChoreKeeper.xcdatamodel */;
			path = ChoreKeeper.xcdatamodeld;
			sourceTree = "<group>";
			versionGroupType = wrapper.xcdatamodel;
		};
/* End XCVersionGroup section */
	};
	rootObject = 20549DF92DD43819009ED830 /* Project object */;
}
