// !$*UTF8*$!
{
	archiveVersion = 1;
	classes = {
	};
	objectVersion = 56;
	objects = {

/* Begin PBXBuildFile section */
		20549E052DD43819009ED830 /* ChoreKeeperApp.swift in Sources */ = {isa = PBXBuildFile; fileRef = 20549E042DD43819009ED830 /* ChoreKeeperApp.swift */; };
		20549E072DD43819009ED830 /* ContentView.swift in Sources */ = {isa = PBXBuildFile; fileRef = 20549E062DD43819009ED830 /* ContentView.swift */; };
		20549E092DD4381B009ED830 /* Assets.xcassets in Resources */ = {isa = PBXBuildFile; fileRef = 20549E082DD4381B009ED830 /* Assets.xcassets */; };
		20549E0C2DD4381B009ED830 /* Preview Assets.xcassets in Resources */ = {isa = PBXBuildFile; fileRef = 20549E0B2DD4381B009ED830 /* Preview Assets.xcassets */; };
		20549E0E2DD4381B009ED830 /* Persistence.swift in Sources */ = {isa = PBXBuildFile; fileRef = 20549E0D2DD4381B009ED830 /* Persistence.swift */; };
		20549E112DD4381B009ED830 /* ChoreKeeper.xcdatamodeld in Sources */ = {isa = PBXBuildFile; fileRef = 20549E0F2DD4381B009ED830 /* ChoreKeeper.xcdatamodeld */; };
		20549E1B2DD4381B009ED830 /* ChoreKeeperTests.swift in Sources */ = {isa = PBXBuildFile; fileRef = 20549E1A2DD4381B009ED830 /* ChoreKeeperTests.swift */; };
		20549E252DD4381B009ED830 /* ChoreKeeperUITests.swift in Sources */ = {isa = PBXBuildFile; fileRef = 20549E242DD4381B009ED830 /* ChoreKeeperUITests.swift */; };
		20549E272DD4381B009ED830 /* ChoreKeeperUITestsLaunchTests.swift in Sources */ = {isa = PBXBuildFile; fileRef = 20549E262DD4381B009ED830 /* ChoreKeeperUITestsLaunchTests.swift */; };
/* End PBXBuildFile section */

/* Begin PBXContainerItemProxy section */
		20549E172DD4381B009ED830 /* PBXContainerItemProxy */ = {
			isa = PBXContainerItemProxy;
			containerPortal = 20549DF92DD43819009ED830 /* Project object */;
			proxyType = 1;
			remoteGlobalIDString = 20549E002DD43819009ED830;
			remoteInfo = ChoreKeeper;
		};
		20549E212DD4381B009ED830 /* PBXContainerItemProxy */ = {
			isa = PBXContainerItemProxy;
			containerPortal = 20549DF92DD43819009ED830 /* Project object */;
			proxyType = 1;
			remoteGlobalIDString = 20549E002DD43819009ED830;
			remoteInfo = ChoreKeeper;
		};
/* End PBXContainerItemProxy section */

/* Begin PBXFileReference section */
		20549E012DD43819009ED830 /* ChoreKeeper.app */ = {isa = PBXFileReference; explicitFileType = wrapper.application; includeInIndex = 0; path = ChoreKeeper.app; sourceTree = BUILT_PRODUCTS_DIR; };
		20549E042DD43819009ED830 /* ChoreKeeperApp.swift */ = {isa = PBXFileReference; lastKnownFileType = sourcecode.swift; path = ChoreKeeperApp.swift; sourceTree = "<group>"; };
		20549E062DD43819009ED830 /* ContentView.swift */ = {isa = PBXFileReference; lastKnownFileType = sourcecode.swift; path = ContentView.swift; sourceTree = "<group>"; };
		20549E082DD4381B009ED830 /* Assets.xcassets */ = {isa = PBXFileReference; lastKnownFileType = folder.assetcatalog; path = Assets.xcassets; sourceTree = "<group>"; };
		20549E0B2DD4381B009ED830 /* Preview Assets.xcassets */ = {isa = PBXFileReference; lastKnownFileType = folder.assetcatalog; path = "Preview Assets.xcassets"; sourceTree = "<group>"; };
		20549E0D2DD4381B009ED830 /* Persistence.swift */ = {isa = PBXFileReference; lastKnownFileType = sourcecode.swift; path = Persistence.swift; sourceTree = "<group>"; };
		20549E102DD4381B009ED830 /* ChoreKeeper.xcdatamodel */ = {isa = PBXFileReference; lastKnownFileType = wrapper.xcdatamodel; path = ChoreKeeper.xcdatamodel; sourceTree = "<group>"; };
		20549E162DD4381B009ED830 /* ChoreKeeperTests.xctest */ = {isa = PBXFileReference; explicitFileType = wrapper.cfbundle; includeInIndex = 0; path = ChoreKeeperTests.xctest; sourceTree = BUILT_PRODUCTS_DIR; };
		20549E1A2DD4381B009ED830 /* ChoreKeeperTests.swift */ = {isa = PBXFileReference; lastKnownFileType = sourcecode.swift; path = ChoreKeeperTests.swift; sourceTree = "<group>"; };
		20549E202DD4381B009ED830 /* ChoreKeeperUITests.xctest */ = {isa = PBXFileReference; explicitFileType = wrapper.cfbundle; includeInIndex = 0; path = ChoreKeeperUITests.xctest; sourceTree = BUILT_PRODUCTS_DIR; };
		20549E242DD4381B009ED830 /* ChoreKeeperUITests.swift */ = {isa = PBXFileReference; lastKnownFileType = sourcecode.swift; path = ChoreKeeperUITests.swift; sourceTree = "<group>"; };
		20549E262DD4381B009ED830 /* ChoreKeeperUITestsLaunchTests.swift */ = {isa = PBXFileReference; lastKnownFileType = sourcecode.swift; path = ChoreKeeperUITestsLaunchTests.swift; sourceTree = "<group>"; };
/* End PBXFileReference section */

/* Begin PBXFrameworksBuildPhase section */
		20549DFE2DD43819009ED830 /* Frameworks */ = {
			isa = PBXFrameworksBuildPhase;
			buildActionMask = 2147483647;
			files = (
			);
			runOnlyForDeploymentPostprocessing = 0;
		};
		20549E132DD4381B009ED830 /* Frameworks */ = {
			isa = PBXFrameworksBuildPhase;
			buildActionMask = 2147483647;
			files = (
			);
			runOnlyForDeploymentPostprocessing = 0;
		};
		20549E1D2DD4381B009ED830 /* Frameworks */ = {
			isa = PBXFrameworksBuildPhase;
			buildActionMask = 2147483647;
			files = (
			);
			runOnlyForDeploymentPostprocessing = 0;
		};
/* End PBXFrameworksBuildPhase section */

/* Begin PBXGroup section */
		20549DF82DD43819009ED830 = {
			isa = PBXGroup;
			children = (
				20549E032DD43819009ED830 /* ChoreKeeper */,
				20549E192DD4381B009ED830 /* ChoreKeeperTests */,
				20549E232DD4381B009ED830 /* ChoreKeeperUITests */,
				20549E022DD43819009ED830 /* Products */,
			);
			sourceTree = "<group>";
		};
		20549E022DD43819009ED830 /* Products */ = {
			isa = PBXGroup;
			children = (
				20549E012DD43819009ED830 /* ChoreKeeper.app */,
				20549E162DD4381B009ED830 /* ChoreKeeperTests.xctest */,
				20549E202DD4381B009ED830 /* ChoreKeeperUITests.xctest */,
			);
			name = Products;
			sourceTree = "<group>";
		};
		20549E032DD43819009ED830 /* ChoreKeeper */ = {
			isa = PBXGroup;
			children = (
				20549E042DD43819009ED830 /* ChoreKeeperApp.swift */,
				20549E062DD43819009ED830 /* ContentView.swift */,
				20549E082DD4381B009ED830 /* Assets.xcassets */,
				20549E0D2DD4381B009ED830 /* Persistence.swift */,
				20549E0F2DD4381B009ED830 /* ChoreKeeper.xcdatamodeld */,
				20549E0A2DD4381B009ED830 /* Preview Content */,
			);
			path = ChoreKeeper;
			sourceTree = "<group>";
		};
		20549E0A2DD4381B009ED830 /* Preview Content */ = {
			isa = PBXGroup;
			children = (
				20549E0B2DD4381B009ED830 /* Preview Assets.xcassets */,
			);
			path = "Preview Content";
			sourceTree = "<group>";
		};
		20549E192DD4381B009ED830 /* ChoreKeeperTests */ = {
			isa = PBXGroup;
			children = (
				20549E1A2DD4381B009ED830 /* ChoreKeeperTests.swift */,
			);
			path = ChoreKeeperTests;
			sourceTree = "<group>";
		};
		20549E232DD4381B009ED830 /* ChoreKeeperUITests */ = {
			isa = PBXGroup;
			children = (
				20549E242DD4381B009ED830 /* ChoreKeeperUITests.swift */,
				20549E262DD4381B009ED830 /* ChoreKeeperUITestsLaunchTests.swift */,
			);
			path = ChoreKeeperUITests;
			sourceTree = "<group>";
		};
/* End PBXGroup section */

/* Begin PBXNativeTarget section */
		20549E002DD43819009ED830 /* ChoreKeeper */ = {
			isa = PBXNativeTarget;
			buildConfigurationList = 20549E2A2DD4381B009ED830 /* Build configuration list for PBXNativeTarget "ChoreKeeper" */;
			buildPhases = (
				20549DFD2DD43819009ED830 /* Sources */,
				20549DFE2DD43819009ED830 /* Frameworks */,
				20549DFF2DD43819009ED830 /* Resources */,
			);
			buildRules = (
			);
			dependencies = (
			);
			name = ChoreKeeper;
			productName = ChoreKeeper;
			productReference = 20549E012DD43819009ED830 /* ChoreKeeper.app */;
			productType = "com.apple.product-type.application";
		};
		20549E152DD4381B009ED830 /* ChoreKeeperTests */ = {
			isa = PBXNativeTarget;
			buildConfigurationList = 20549E2D2DD4381B009ED830 /* Build configuration list for PBXNativeTarget "ChoreKeeperTests" */;
			buildPhases = (
				20549E122DD4381B009ED830 /* Sources */,
				20549E132DD4381B009ED830 /* Frameworks */,
				20549E142DD4381B009ED830 /* Resources */,
			);
			buildRules = (
			);
			dependencies = (
				20549E182DD4381B009ED830 /* PBXTargetDependency */,
			);
			name = ChoreKeeperTests;
			productName = ChoreKeeperTests;
			productReference = 20549E162DD4381B009ED830 /* ChoreKeeperTests.xctest */;
			productType = "com.apple.product-type.bundle.unit-test";
		};
		20549E1F2DD4381B009ED830 /* ChoreKeeperUITests */ = {
			isa = PBXNativeTarget;
			buildConfigurationList = 20549E302DD4381B009ED830 /* Build configuration list for PBXNativeTarget "ChoreKeeperUITests" */;
			buildPhases = (
				20549E1C2DD4381B009ED830 /* Sources */,
				20549E1D2DD4381B009ED830 /* Frameworks */,
				20549E1E2DD4381B009ED830 /* Resources */,
			);
			buildRules = (
			);
			dependencies = (
				20549E222DD4381B009ED830 /* PBXTargetDependency */,
			);
			name = ChoreKeeperUITests;
			productName = ChoreKeeperUITests;
			productReference = 20549E202DD4381B009ED830 /* ChoreKeeperUITests.xctest */;
			productType = "com.apple.product-type.bundle.ui-testing";
		};
/* End PBXNativeTarget section */

/* Begin PBXProject section */
		20549DF92DD43819009ED830 /* Project object */ = {
			isa = PBXProject;
			attributes = {
				BuildIndependentTargetsInParallel = 1;
				LastSwiftUpdateCheck = 1420;
				LastUpgradeCheck = 1420;
				TargetAttributes = {
					20549E002DD43819009ED830 = {
						CreatedOnToolsVersion = 14.2;
					};
					20549E152DD4381B009ED830 = {
						CreatedOnToolsVersion = 14.2;
						TestTargetID = 20549E002DD43819009ED830;
					};
					20549E1F2DD4381B009ED830 = {
						CreatedOnToolsVersion = 14.2;
						TestTargetID = 20549E002DD43819009ED830;
					};
				};
			};
			buildConfigurationList = 20549DFC2DD43819009ED830 /* Build configuration list for PBXProject "ChoreKeeper" */;
			compatibilityVersion = "Xcode 14.0";
			developmentRegion = en;
			hasScannedForEncodings = 0;
			knownRegions = (
				en,
				Base,
			);
			mainGroup = 20549DF82DD43819009ED830;
			productRefGroup = 20549E022DD43819009ED830 /* Products */;
			projectDirPath = "";
			projectRoot = "";
			targets = (
				20549E002DD43819009ED830 /* ChoreKeeper */,
				20549E152DD4381B009ED830 /* ChoreKeeperTests */,
				20549E1F2DD4381B009ED830 /* ChoreKeeperUITests */,
			);
		};
/* End PBXProject section */

/* Begin PBXResourcesBuildPhase section */
		20549DFF2DD43819009ED830 /* Resources */ = {
			isa = PBXResourcesBuildPhase;
			buildActionMask = 2147483647;
			files = (
				20549E0C2DD4381B009ED830 /* Preview Assets.xcassets in Resources */,
				20549E092DD4381B009ED830 /* Assets.xcassets in Resources */,
			);
			runOnlyForDeploymentPostprocessing = 0;
		};
		20549E142DD4381B009ED830 /* Resources */ = {
			isa = PBXResourcesBuildPhase;
			buildActionMask = 2147483647;
			files = (
			);
			runOnlyForDeploymentPostprocessing = 0;
		};
		20549E1E2DD4381B009ED830 /* Resources */ = {
			isa = PBXResourcesBuildPhase;
			buildActionMask = 2147483647;
			files = (
			);
			runOnlyForDeploymentPostprocessing = 0;
		};
/* End PBXResourcesBuildPhase section */

/* Begin PBXSourcesBuildPhase section */
		20549DFD2DD43819009ED830 /* Sources */ = {
			isa = PBXSourcesBuildPhase;
			buildActionMask = 2147483647;
			files = (
				20549E0E2DD4381B009ED830 /* Persistence.swift in Sources */,
				20549E112DD4381B009ED830 /* ChoreKeeper.xcdatamodeld in Sources */,
				20549E072DD43819009ED830 /* ContentView.swift in Sources */,
				20549E052DD43819009ED830 /* ChoreKeeperApp.swift in Sources */,
			);
			runOnlyForDeploymentPostprocessing = 0;
		};
		20549E122DD4381B009ED830 /* Sources */ = {
			isa = PBXSourcesBuildPhase;
			buildActionMask = 2147483647;
			files = (
				20549E1B2DD4381B009ED830 /* ChoreKeeperTests.swift in Sources */,
			);
			runOnlyForDeploymentPostprocessing = 0;
		};
		20549E1C2DD4381B009ED830 /* Sources */ = {
			isa = PBXSourcesBuildPhase;
			buildActionMask = 2147483647;
			files = (
				20549E272DD4381B009ED830 /* ChoreKeeperUITestsLaunchTests.swift in Sources */,
				20549E252DD4381B009ED830 /* ChoreKeeperUITests.swift in Sources */,
			);
			runOnlyForDeploymentPostprocessing = 0;
		};
/* End PBXSourcesBuildPhase section */

/* Begin PBXTargetDependency section */
		20549E182DD4381B009ED830 /* PBXTargetDependency */ = {
			isa = PBXTargetDependency;
			target = 20549E002DD43819009ED830 /* ChoreKeeper */;
			targetProxy = 20549E172DD4381B009ED830 /* PBXContainerItemProxy */;
		};
		20549E222DD4381B009ED830 /* PBXTargetDependency */ = {
			isa = PBXTargetDependency;
			target = 20549E002DD43819009ED830 /* ChoreKeeper */;
			targetProxy = 20549E212DD4381B009ED830 /* PBXContainerItemProxy */;
		};
/* End PBXTargetDependency section */

/* Begin XCBuildConfiguration section */
		20549E282DD4381B009ED830 /* Debug */ = {
			isa = XCBuildConfiguration;
			buildSettings = {
				ALWAYS_SEARCH_USER_PATHS = NO;
				CLANG_ANALYZER_NONNULL = YES;
				CLANG_ANALYZER_NUMBER_OBJECT_CONVERSION = YES_AGGRESSIVE;
				CLANG_CXX_LANGUAGE_STANDARD = "gnu++20";
				CLANG_ENABLE_MODULES = YES;
				CLANG_ENABLE_OBJC_ARC = YES;
				CLANG_ENABLE_OBJC_WEAK = YES;
				CLANG_WARN_BLOCK_CAPTURE_AUTORELEASING = YES;
				CLANG_WARN_BOOL_CONVERSION = YES;
				CLANG_WARN_COMMA = YES;
				CLANG_WARN_CONSTANT_CONVERSION = YES;
				CLANG_WARN_DEPRECATED_OBJC_IMPLEMENTATIONS = YES;
				CLANG_WARN_DIRECT_OBJC_ISA_USAGE = YES_ERROR;
				CLANG_WARN_DOCUMENTATION_COMMENTS = YES;
				CLANG_WARN_EMPTY_BODY = YES;
				CLANG_WARN_ENUM_CONVERSION = YES;
				CLANG_WARN_INFINITE_RECURSION = YES;
				CLANG_WARN_INT_CONVERSION = YES;
				CLANG_WARN_NON_LITERAL_NULL_CONVERSION = YES;
				CLANG_WARN_OBJC_IMPLICIT_RETAIN_SELF = YES;
				CLANG_WARN_OBJC_LITERAL_CONVERSION = YES;
				CLANG_WARN_OBJC_ROOT_CLASS = YES_ERROR;
				CLANG_WARN_QUOTED_INCLUDE_IN_FRAMEWORK_HEADER = YES;
				CLANG_WARN_RANGE_LOOP_ANALYSIS = YES;
				CLANG_WARN_STRICT_PROTOTYPES = YES;
				CLANG_WARN_SUSPICIOUS_MOVE = YES;
				CLANG_WARN_UNGUARDED_AVAILABILITY = YES_AGGRESSIVE;
				CLANG_WARN_UNREACHABLE_CODE = YES;
				CLANG_WARN__DUPLICATE_METHOD_MATCH = YES;
				COPY_PHASE_STRIP = NO;
				DEBUG_INFORMATION_FORMAT = dwarf;
				ENABLE_STRICT_OBJC_MSGSEND = YES;
				ENABLE_TESTABILITY = YES;
				GCC_C_LANGUAGE_STANDARD = gnu11;
				GCC_DYNAMIC_NO_PIC = NO;
				GCC_NO_COMMON_BLOCKS = YES;
				GCC_OPTIMIZATION_LEVEL = 0;
				GCC_PREPROCESSOR_DEFINITIONS = (
					"DEBUG=1",
					"$(inherited)",
				);
				GCC_WARN_64_TO_32_BIT_CONVERSION = YES;
				GCC_WARN_ABOUT_RETURN_TYPE = YES_ERROR;
				GCC_WARN_UNDECLARED_SELECTOR = YES;
				GCC_WARN_UNINITIALIZED_AUTOS = YES_AGGRESSIVE;
				GCC_WARN_UNUSED_FUNCTION = YES;
				GCC_WARN_UNUSED_VARIABLE = YES;
				IPHONEOS_DEPLOYMENT_TARGET = 16.2;
				MTL_ENABLE_DEBUG_INFO = INCLUDE_SOURCE;
				MTL_FAST_MATH = YES;
				ONLY_ACTIVE_ARCH = YES;
				SDKROOT = iphoneos;
				SWIFT_ACTIVE_COMPILATION_CONDITIONS = DEBUG;
				SWIFT_OPTIMIZATION_LEVEL = "-Onone";
			};
			name = Debug;
		};
		20549E292DD4381B009ED830 /* Release */ = {
			isa = XCBuildConfiguration;
			buildSettings = {
				ALWAYS_SEARCH_USER_PATHS = NO;
				CLANG_ANALYZER_NONNULL = YES;
				CLANG_ANALYZER_NUMBER_OBJECT_CONVERSION = YES_AGGRESSIVE;
				CLANG_CXX_LANGUAGE_STANDARD = "gnu++20";
				CLANG_ENABLE_MODULES = YES;
				CLANG_ENABLE_OBJC_ARC = YES;
				CLANG_ENABLE_OBJC_WEAK = YES;
				CLANG_WARN_BLOCK_CAPTURE_AUTORELEASING = YES;
				CLANG_WARN_BOOL_CONVERSION = YES;
				CLANG_WARN_COMMA = YES;
				CLANG_WARN_CONSTANT_CONVERSION = YES;
				CLANG_WARN_DEPRECATED_OBJC_IMPLEMENTATIONS = YES;
				CLANG_WARN_DIRECT_OBJC_ISA_USAGE = YES_ERROR;
				CLANG_WARN_DOCUMENTATION_COMMENTS = YES;
				CLANG_WARN_EMPTY_BODY = YES;
				CLANG_WARN_ENUM_CONVERSION = YES;
				CLANG_WARN_INFINITE_RECURSION = YES;
				CLANG_WARN_INT_CONVERSION = YES;
				CLANG_WARN_NON_LITERAL_NULL_CONVERSION = YES;
				CLANG_WARN_OBJC_IMPLICIT_RETAIN_SELF = YES;
				CLANG_WARN_OBJC_LITERAL_CONVERSION = YES;
				CLANG_WARN_OBJC_ROOT_CLASS = YES_ERROR;
				CLANG_WARN_QUOTED_INCLUDE_IN_FRAMEWORK_HEADER = YES;
				CLANG_WARN_RANGE_LOOP_ANALYSIS = YES;
				CLANG_WARN_STRICT_PROTOTYPES = YES;
				CLANG_WARN_SUSPICIOUS_MOVE = YES;
				CLANG_WARN_UNGUARDED_AVAILABILITY = YES_AGGRESSIVE;
				CLANG_WARN_UNREACHABLE_CODE = YES;
				CLANG_WARN__DUPLICATE_METHOD_MATCH = YES;
				COPY_PHASE_STRIP = NO;
				DEBUG_INFORMATION_FORMAT = "dwarf-with-dsym";
				ENABLE_NS_ASSERTIONS = NO;
				ENABLE_STRICT_OBJC_MSGSEND = YES;
				GCC_C_LANGUAGE_STANDARD = gnu11;
				GCC_NO_COMMON_BLOCKS = YES;
				GCC_WARN_64_TO_32_BIT_CONVERSION = YES;
				GCC_WARN_ABOUT_RETURN_TYPE = YES_ERROR;
				GCC_WARN_UNDECLARED_SELECTOR = YES;
				GCC_WARN_UNINITIALIZED_AUTOS = YES_AGGRESSIVE;
				GCC_WARN_UNUSED_FUNCTION = YES;
				GCC_WARN_UNUSED_VARIABLE = YES;
				IPHONEOS_DEPLOYMENT_TARGET = 16.2;
				MTL_ENABLE_DEBUG_INFO = NO;
				MTL_FAST_MATH = YES;
				SDKROOT = iphoneos;
				SWIFT_COMPILATION_MODE = wholemodule;
				SWIFT_OPTIMIZATION_LEVEL = "-O";
				VALIDATE_PRODUCT = YES;
			};
			name = Release;
		};
		20549E2B2DD4381B009ED830 /* Debug */ = {
			isa = XCBuildConfiguration;
			buildSettings = {
				ASSETCATALOG_COMPILER_APPICON_NAME = AppIcon;
				ASSETCATALOG_COMPILER_GLOBAL_ACCENT_COLOR_NAME = AccentColor;
				CODE_SIGN_STYLE = Automatic;
				CURRENT_PROJECT_VERSION = 1;
				DEVELOPMENT_ASSET_PATHS = "\"ChoreKeeper/Preview Content\"";
				ENABLE_PREVIEWS = YES;
				GENERATE_INFOPLIST_FILE = YES;
				INFOPLIST_KEY_UIApplicationSceneManifest_Generation = YES;
				INFOPLIST_KEY_UIApplicationSupportsIndirectInputEvents = YES;
				INFOPLIST_KEY_UILaunchScreen_Generation = YES;
				INFOPLIST_KEY_UISupportedInterfaceOrientations_iPad = "UIInterfaceOrientationPortrait UIInterfaceOrientationPortraitUpsideDown UIInterfaceOrientationLandscapeLeft UIInterfaceOrientationLandscapeRight";
				INFOPLIST_KEY_UISupportedInterfaceOrientations_iPhone = "UIInterfaceOrientationPortrait UIInterfaceOrientationLandscapeLeft UIInterfaceOrientationLandscapeRight";
				LD_RUNPATH_SEARCH_PATHS = (
					"$(inherited)",
					"@executable_path/Frameworks",
				);
				MARKETING_VERSION = 1.0;
				PRODUCT_BUNDLE_IDENTIFIER = com.DarkLight.ChoreKeeper;
				PRODUCT_NAME = "$(TARGET_NAME)";
				SWIFT_EMIT_LOC_STRINGS = YES;
				SWIFT_VERSION = 5.0;
				TARGETED_DEVICE_FAMILY = "1,2";
			};
			name = Debug;
		};
		20549E2C2DD4381B009ED830 /* Release */ = {
			isa = XCBuildConfiguration;
			buildSettings = {
				ASSETCATALOG_COMPILER_APPICON_NAME = AppIcon;
				ASSETCATALOG_COMPILER_GLOBAL_ACCENT_COLOR_NAME = AccentColor;
				CODE_SIGN_STYLE = Automatic;
				CURRENT_PROJECT_VERSION = 1;
				DEVELOPMENT_ASSET_PATHS = "\"ChoreKeeper/Preview Content\"";
				ENABLE_PREVIEWS = YES;
				GENERATE_INFOPLIST_FILE = YES;
				INFOPLIST_KEY_UIApplicationSceneManifest_Generation = YES;
				INFOPLIST_KEY_UIApplicationSupportsIndirectInputEvents = YES;
				INFOPLIST_KEY_UILaunchScreen_Generation = YES;
				INFOPLIST_KEY_UISupportedInterfaceOrientations_iPad = "UIInterfaceOrientationPortrait UIInterfaceOrientationPortraitUpsideDown UIInterfaceOrientationLandscapeLeft UIInterfaceOrientationLandscapeRight";
				INFOPLIST_KEY_UISupportedInterfaceOrientations_iPhone = "UIInterfaceOrientationPortrait UIInterfaceOrientationLandscapeLeft UIInterfaceOrientationLandscapeRight";
				LD_RUNPATH_SEARCH_PATHS = (
					"$(inherited)",
					"@executable_path/Frameworks",
				);
				MARKETING_VERSION = 1.0;
				PRODUCT_BUNDLE_IDENTIFIER = com.DarkLight.ChoreKeeper;
				PRODUCT_NAME = "$(TARGET_NAME)";
				SWIFT_EMIT_LOC_STRINGS = YES;
				SWIFT_VERSION = 5.0;
				TARGETED_DEVICE_FAMILY = "1,2";
			};
			name = Release;
		};
		20549E2E2DD4381B009ED830 /* Debug */ = {
			isa = XCBuildConfiguration;
			buildSettings = {
				ALWAYS_EMBED_SWIFT_STANDARD_LIBRARIES = YES;
				BUNDLE_LOADER = "$(TEST_HOST)";
				CODE_SIGN_STYLE = Automatic;
				CURRENT_PROJECT_VERSION = 1;
				GENERATE_INFOPLIST_FILE = YES;
				IPHONEOS_DEPLOYMENT_TARGET = 16.2;
				MARKETING_VERSION = 1.0;
				PRODUCT_BUNDLE_IDENTIFIER = com.DarkLight.ChoreKeeperTests;
				PRODUCT_NAME = "$(TARGET_NAME)";
				SWIFT_EMIT_LOC_STRINGS = NO;
				SWIFT_VERSION = 5.0;
				TARGETED_DEVICE_FAMILY = "1,2";
				TEST_HOST = "$(BUILT_PRODUCTS_DIR)/ChoreKeeper.app/$(BUNDLE_EXECUTABLE_FOLDER_PATH)/ChoreKeeper";
			};
			name = Debug;
		};
		20549E2F2DD4381B009ED830 /* Release */ = {
			isa = XCBuildConfiguration;
			buildSettings = {
				ALWAYS_EMBED_SWIFT_STANDARD_LIBRARIES = YES;
				BUNDLE_LOADER = "$(TEST_HOST)";
				CODE_SIGN_STYLE = Automatic;
				CURRENT_PROJECT_VERSION = 1;
				GENERATE_INFOPLIST_FILE = YES;
				IPHONEOS_DEPLOYMENT_TARGET = 16.2;
				MARKETING_VERSION = 1.0;
				PRODUCT_BUNDLE_IDENTIFIER = com.DarkLight.ChoreKeeperTests;
				PRODUCT_NAME = "$(TARGET_NAME)";
				SWIFT_EMIT_LOC_STRINGS = NO;
				SWIFT_VERSION = 5.0;
				TARGETED_DEVICE_FAMILY = "1,2";
				TEST_HOST = "$(BUILT_PRODUCTS_DIR)/ChoreKeeper.app/$(BUNDLE_EXECUTABLE_FOLDER_PATH)/ChoreKeeper";
			};
			name = Release;
		};
		20549E312DD4381B009ED830 /* Debug */ = {
			isa = XCBuildConfiguration;
			buildSettings = {
				ALWAYS_EMBED_SWIFT_STANDARD_LIBRARIES = YES;
				CODE_SIGN_STYLE = Automatic;
				CURRENT_PROJECT_VERSION = 1;
				GENERATE_INFOPLIST_FILE = YES;
				MARKETING_VERSION = 1.0;
				PRODUCT_BUNDLE_IDENTIFIER = com.DarkLight.ChoreKeeperUITests;
				PRODUCT_NAME = "$(TARGET_NAME)";
				SWIFT_EMIT_LOC_STRINGS = NO;
				SWIFT_VERSION = 5.0;
				TARGETED_DEVICE_FAMILY = "1,2";
				TEST_TARGET_NAME = ChoreKeeper;
			};
			name = Debug;
		};
		20549E322DD4381B009ED830 /* Release */ = {
			isa = XCBuildConfiguration;
			buildSettings = {
				ALWAYS_EMBED_SWIFT_STANDARD_LIBRARIES = YES;
				CODE_SIGN_STYLE = Automatic;
				CURRENT_PROJECT_VERSION = 1;
				GENERATE_INFOPLIST_FILE = YES;
				MARKETING_VERSION = 1.0;
				PRODUCT_BUNDLE_IDENTIFIER = com.DarkLight.ChoreKeeperUITests;
				PRODUCT_NAME = "$(TARGET_NAME)";
				SWIFT_EMIT_LOC_STRINGS = NO;
				SWIFT_VERSION = 5.0;
				TARGETED_DEVICE_FAMILY = "1,2";
				TEST_TARGET_NAME = ChoreKeeper;
			};
			name = Release;
		};
/* End XCBuildConfiguration section */

/* Begin XCConfigurationList section */
		20549DFC2DD43819009ED830 /* Build configuration list for PBXProject "ChoreKeeper" */ = {
			isa = XCConfigurationList;
			buildConfigurations = (
				20549E282DD4381B009ED830 /* Debug */,
				20549E292DD4381B009ED830 /* Release */,
			);
			defaultConfigurationIsVisible = 0;
			defaultConfigurationName = Release;
		};
		20549E2A2DD4381B009ED830 /* Build configuration list for PBXNativeTarget "ChoreKeeper" */ = {
			isa = XCConfigurationList;
			buildConfigurations = (
				20549E2B2DD4381B009ED830 /* Debug */,
				20549E2C2DD4381B009ED830 /* Release */,
			);
			defaultConfigurationIsVisible = 0;
			defaultConfigurationName = Release;
		};
		20549E2D2DD4381B009ED830 /* Build configuration list for PBXNativeTarget "ChoreKeeperTests" */ = {
			isa = XCConfigurationList;
			buildConfigurations = (
				20549E2E2DD4381B009ED830 /* Debug */,
				20549E2F2DD4381B009ED830 /* Release */,
			);
			defaultConfigurationIsVisible = 0;
			defaultConfigurationName = Release;
		};
		20549E302DD4381B009ED830 /* Build configuration list for PBXNativeTarget "ChoreKeeperUITests" */ = {
			isa = XCConfigurationList;
			buildConfigurations = (
				20549E312DD4381B009ED830 /* Debug */,
				20549E322DD4381B009ED830 /* Release */,
			);
			defaultConfigurationIsVisible = 0;
			defaultConfigurationName = Release;
		};
/* End XCConfigurationList section */

/* Begin XCVersionGroup section */
		20549E0F2DD4381B009ED830 /* ChoreKeeper.xcdatamodeld */ = {
			isa = XCVersionGroup;
			children = (
				20549E102DD4381B009ED830 /* ChoreKeeper.xcdatamodel */,
			);
			currentVersion = 20549E102DD4381B009ED830 /* ChoreKeeper.xcdatamodel */;
			path = ChoreKeeper.xcdatamodeld;
			sourceTree = "<group>";
			versionGroupType = wrapper.xcdatamodel;
		};
/* End XCVersionGroup section */
	};
	rootObject = 20549DF92DD43819009ED830 /* Project object */;
}
